// !$*UTF8*$!
{
	archiveVersion = 1;
	classes = {
	};
	objectVersion = 42;
	objects = {

/* Begin PBXBuildFile section */
		1D498702149266B6009921C0 /* ofxExtras.cpp in Sources */ = {isa = PBXBuildFile; fileRef = 1D4986FF149266B6009921C0 /* ofxExtras.cpp */; };
		1DB45C7314924A9B005BBD66 /* ofxDepthGenerator.cpp in Sources */ = {isa = PBXBuildFile; fileRef = 1DB45C5B14924A9B005BBD66 /* ofxDepthGenerator.cpp */; };
		1DB45C7414924A9B005BBD66 /* ofxGestureGenerator.cpp in Sources */ = {isa = PBXBuildFile; fileRef = 1DB45C5D14924A9B005BBD66 /* ofxGestureGenerator.cpp */; };
		1DB45C7514924A9B005BBD66 /* ofxHandGenerator.cpp in Sources */ = {isa = PBXBuildFile; fileRef = 1DB45C5F14924A9B005BBD66 /* ofxHandGenerator.cpp */; };
		1DB45C7614924A9B005BBD66 /* ofxHardwareDriver.cpp in Sources */ = {isa = PBXBuildFile; fileRef = 1DB45C6114924A9B005BBD66 /* ofxHardwareDriver.cpp */; };
		1DB45C7714924A9B005BBD66 /* ofxImageGenerator.cpp in Sources */ = {isa = PBXBuildFile; fileRef = 1DB45C6314924A9B005BBD66 /* ofxImageGenerator.cpp */; };
		1DB45C7814924A9B005BBD66 /* ofxIRGenerator.cpp in Sources */ = {isa = PBXBuildFile; fileRef = 1DB45C6514924A9B005BBD66 /* ofxIRGenerator.cpp */; };
		1DB45C7914924A9B005BBD66 /* ofxOpenNIContext.cpp in Sources */ = {isa = PBXBuildFile; fileRef = 1DB45C6814924A9B005BBD66 /* ofxOpenNIContext.cpp */; };
		1DB45C7A14924A9B005BBD66 /* ofxOpenNIRecorder.cpp in Sources */ = {isa = PBXBuildFile; fileRef = 1DB45C6B14924A9B005BBD66 /* ofxOpenNIRecorder.cpp */; };
		1DB45C7B14924A9B005BBD66 /* ofxTrackedHand.cpp in Sources */ = {isa = PBXBuildFile; fileRef = 1DB45C6D14924A9B005BBD66 /* ofxTrackedHand.cpp */; };
		1DB45C7C14924A9B005BBD66 /* ofxTrackedUser.cpp in Sources */ = {isa = PBXBuildFile; fileRef = 1DB45C6F14924A9B005BBD66 /* ofxTrackedUser.cpp */; };
		1DB45C7D14924A9B005BBD66 /* ofxUserGenerator.cpp in Sources */ = {isa = PBXBuildFile; fileRef = 1DB45C7114924A9B005BBD66 /* ofxUserGenerator.cpp */; };
		1DB45C8F14924B85005BBD66 /* libnimCodecs.dylib in Frameworks */ = {isa = PBXBuildFile; fileRef = 1DB45C8014924B85005BBD66 /* libnimCodecs.dylib */; };
		1DB45C9014924B86005BBD66 /* libnimMockNodes.dylib in Frameworks */ = {isa = PBXBuildFile; fileRef = 1DB45C8114924B85005BBD66 /* libnimMockNodes.dylib */; };
		1DB45C9114924B86005BBD66 /* libnimRecorder.dylib in Frameworks */ = {isa = PBXBuildFile; fileRef = 1DB45C8214924B85005BBD66 /* libnimRecorder.dylib */; };
		1DB45C9214924B86005BBD66 /* libOpenNI.dylib in Frameworks */ = {isa = PBXBuildFile; fileRef = 1DB45C8314924B85005BBD66 /* libOpenNI.dylib */; };
		1DB45C9314924B86005BBD66 /* libusb-1.0.0.dylib in Frameworks */ = {isa = PBXBuildFile; fileRef = 1DB45C8414924B85005BBD66 /* libusb-1.0.0.dylib */; };
		1DB45C9414924B86005BBD66 /* libXnCore.dylib in Frameworks */ = {isa = PBXBuildFile; fileRef = 1DB45C8514924B85005BBD66 /* libXnCore.dylib */; };
		1DB45C9514924B86005BBD66 /* libXnDDK.dylib in Frameworks */ = {isa = PBXBuildFile; fileRef = 1DB45C8614924B85005BBD66 /* libXnDDK.dylib */; };
		1DB45C9614924B86005BBD66 /* libXnDeviceFile.dylib in Frameworks */ = {isa = PBXBuildFile; fileRef = 1DB45C8714924B85005BBD66 /* libXnDeviceFile.dylib */; };
		1DB45C9714924B86005BBD66 /* libXnDeviceSensorV2KM.dylib in Frameworks */ = {isa = PBXBuildFile; fileRef = 1DB45C8814924B85005BBD66 /* libXnDeviceSensorV2KM.dylib */; };
		1DB45C9814924B86005BBD66 /* libXnFormats.dylib in Frameworks */ = {isa = PBXBuildFile; fileRef = 1DB45C8914924B85005BBD66 /* libXnFormats.dylib */; };
		1DB45C9914924B86005BBD66 /* libXnVCNITE_1_3_1.dylib in Frameworks */ = {isa = PBXBuildFile; fileRef = 1DB45C8A14924B85005BBD66 /* libXnVCNITE_1_3_1.dylib */; };
		1DB45C9A14924B86005BBD66 /* libXnVFeatures_1_3_1.dylib in Frameworks */ = {isa = PBXBuildFile; fileRef = 1DB45C8B14924B85005BBD66 /* libXnVFeatures_1_3_1.dylib */; };
		1DB45C9B14924B86005BBD66 /* libXnVHandGenerator_1_3_1.dylib in Frameworks */ = {isa = PBXBuildFile; fileRef = 1DB45C8C14924B85005BBD66 /* libXnVHandGenerator_1_3_1.dylib */; };
		1DB45C9C14924B86005BBD66 /* libXnVNite_1_3_1.dylib in Frameworks */ = {isa = PBXBuildFile; fileRef = 1DB45C8D14924B85005BBD66 /* libXnVNite_1_3_1.dylib */; };
		BBAB23CB13894F3D00AA2426 /* GLUT.framework in CopyFiles */ = {isa = PBXBuildFile; fileRef = BBAB23BE13894E4700AA2426 /* GLUT.framework */; };
		E4328149138ABC9F0047C5CB /* openFrameworksDebug.a in Frameworks */ = {isa = PBXBuildFile; fileRef = E4328148138ABC890047C5CB /* openFrameworksDebug.a */; };
		E45BE97B0E8CC7DD009D7055 /* AGL.framework in Frameworks */ = {isa = PBXBuildFile; fileRef = E45BE9710E8CC7DD009D7055 /* AGL.framework */; };
		E45BE97C0E8CC7DD009D7055 /* ApplicationServices.framework in Frameworks */ = {isa = PBXBuildFile; fileRef = E45BE9720E8CC7DD009D7055 /* ApplicationServices.framework */; };
		E45BE97D0E8CC7DD009D7055 /* AudioToolbox.framework in Frameworks */ = {isa = PBXBuildFile; fileRef = E45BE9730E8CC7DD009D7055 /* AudioToolbox.framework */; };
		E45BE97E0E8CC7DD009D7055 /* Carbon.framework in Frameworks */ = {isa = PBXBuildFile; fileRef = E45BE9740E8CC7DD009D7055 /* Carbon.framework */; };
		E45BE97F0E8CC7DD009D7055 /* CoreAudio.framework in Frameworks */ = {isa = PBXBuildFile; fileRef = E45BE9750E8CC7DD009D7055 /* CoreAudio.framework */; };
		E45BE9800E8CC7DD009D7055 /* CoreFoundation.framework in Frameworks */ = {isa = PBXBuildFile; fileRef = E45BE9760E8CC7DD009D7055 /* CoreFoundation.framework */; };
		E45BE9810E8CC7DD009D7055 /* CoreServices.framework in Frameworks */ = {isa = PBXBuildFile; fileRef = E45BE9770E8CC7DD009D7055 /* CoreServices.framework */; };
		E45BE9830E8CC7DD009D7055 /* OpenGL.framework in Frameworks */ = {isa = PBXBuildFile; fileRef = E45BE9790E8CC7DD009D7055 /* OpenGL.framework */; };
		E45BE9840E8CC7DD009D7055 /* QuickTime.framework in Frameworks */ = {isa = PBXBuildFile; fileRef = E45BE97A0E8CC7DD009D7055 /* QuickTime.framework */; };
		E4B69E200A3A1BDC003C02F2 /* main.cpp in Sources */ = {isa = PBXBuildFile; fileRef = E4B69E1D0A3A1BDC003C02F2 /* main.cpp */; };
		E4B69E210A3A1BDC003C02F2 /* testApp.cpp in Sources */ = {isa = PBXBuildFile; fileRef = E4B69E1E0A3A1BDC003C02F2 /* testApp.cpp */; };
		E4C2424710CC5A17004149E2 /* AppKit.framework in Frameworks */ = {isa = PBXBuildFile; fileRef = E4C2424410CC5A17004149E2 /* AppKit.framework */; };
		E4C2424810CC5A17004149E2 /* Cocoa.framework in Frameworks */ = {isa = PBXBuildFile; fileRef = E4C2424510CC5A17004149E2 /* Cocoa.framework */; };
		E4C2424910CC5A17004149E2 /* IOKit.framework in Frameworks */ = {isa = PBXBuildFile; fileRef = E4C2424610CC5A17004149E2 /* IOKit.framework */; };
		E4EB6799138ADC1D00A09F29 /* GLUT.framework in Frameworks */ = {isa = PBXBuildFile; fileRef = BBAB23BE13894E4700AA2426 /* GLUT.framework */; };
/* End PBXBuildFile section */

/* Begin PBXContainerItemProxy section */
		E4328147138ABC890047C5CB /* PBXContainerItemProxy */ = {
			isa = PBXContainerItemProxy;
			containerPortal = E4328143138ABC890047C5CB /* openFrameworksLib.xcodeproj */;
			proxyType = 2;
			remoteGlobalIDString = E4B27C1510CBEB8E00536013;
			remoteInfo = openFrameworks;
		};
		E4EEB9AB138B136A00A80321 /* PBXContainerItemProxy */ = {
			isa = PBXContainerItemProxy;
			containerPortal = E4328143138ABC890047C5CB /* openFrameworksLib.xcodeproj */;
			proxyType = 1;
			remoteGlobalIDString = E4B27C1410CBEB8E00536013;
			remoteInfo = openFrameworks;
		};
/* End PBXContainerItemProxy section */

/* Begin PBXCopyFilesBuildPhase section */
		E4C2427710CC5ABF004149E2 /* CopyFiles */ = {
			isa = PBXCopyFilesBuildPhase;
			buildActionMask = 2147483647;
			dstPath = "";
			dstSubfolderSpec = 10;
			files = (
				BBAB23CB13894F3D00AA2426 /* GLUT.framework in CopyFiles */,
			);
			runOnlyForDeploymentPostprocessing = 0;
		};
/* End PBXCopyFilesBuildPhase section */

/* Begin PBXFileReference section */
		1D4986FF149266B6009921C0 /* ofxExtras.cpp */ = {isa = PBXFileReference; fileEncoding = 4; lastKnownFileType = sourcecode.cpp.cpp; path = ofxExtras.cpp; sourceTree = "<group>"; };
		1D498700149266B6009921C0 /* ofxExtras.h */ = {isa = PBXFileReference; fileEncoding = 4; lastKnownFileType = sourcecode.c.h; path = ofxExtras.h; sourceTree = "<group>"; };
		1D498701149266B6009921C0 /* README */ = {isa = PBXFileReference; fileEncoding = 4; lastKnownFileType = text; path = README; sourceTree = "<group>"; };
		1DB45BD814924A9A005BBD66 /* libusb.h */ = {isa = PBXFileReference; fileEncoding = 4; lastKnownFileType = sourcecode.c.h; path = libusb.h; sourceTree = "<group>"; };
		1DB45BDA14924A9A005BBD66 /* XnCommon.h */ = {isa = PBXFileReference; fileEncoding = 4; lastKnownFileType = sourcecode.c.h; path = XnCommon.h; sourceTree = "<group>"; };
		1DB45BDB14924A9A005BBD66 /* XnV3DVector.h */ = {isa = PBXFileReference; fileEncoding = 4; lastKnownFileType = sourcecode.c.h; path = XnV3DVector.h; sourceTree = "<group>"; };
		1DB45BDC14924A9A005BBD66 /* XnVActivationMessage.h */ = {isa = PBXFileReference; fileEncoding = 4; lastKnownFileType = sourcecode.c.h; path = XnVActivationMessage.h; sourceTree = "<group>"; };
		1DB45BDD14924A9A005BBD66 /* XnVBroadcaster.h */ = {isa = PBXFileReference; fileEncoding = 4; lastKnownFileType = sourcecode.c.h; path = XnVBroadcaster.h; sourceTree = "<group>"; };
		1DB45BDE14924A9A005BBD66 /* XnVCCMessage.h */ = {isa = PBXFileReference; fileEncoding = 4; lastKnownFileType = sourcecode.c.h; path = XnVCCMessage.h; sourceTree = "<group>"; };
		1DB45BDF14924A9A005BBD66 /* XnVCircle.h */ = {isa = PBXFileReference; fileEncoding = 4; lastKnownFileType = sourcecode.c.h; path = XnVCircle.h; sourceTree = "<group>"; };
		1DB45BE014924A9A005BBD66 /* XnVCircleDetector.h */ = {isa = PBXFileReference; fileEncoding = 4; lastKnownFileType = sourcecode.c.h; path = XnVCircleDetector.h; sourceTree = "<group>"; };
		1DB45BE114924A9A005BBD66 /* XnVClickableVirtualPlane.h */ = {isa = PBXFileReference; fileEncoding = 4; lastKnownFileType = sourcecode.c.h; path = XnVClickableVirtualPlane.h; sourceTree = "<group>"; };
		1DB45BE214924A9A005BBD66 /* XnVComplexMessage.h */ = {isa = PBXFileReference; fileEncoding = 4; lastKnownFileType = sourcecode.c.h; path = XnVComplexMessage.h; sourceTree = "<group>"; };
		1DB45BE314924A9A005BBD66 /* XnVDepthControl.h */ = {isa = PBXFileReference; fileEncoding = 4; lastKnownFileType = sourcecode.c.h; path = XnVDepthControl.h; sourceTree = "<group>"; };
		1DB45BE414924A9A005BBD66 /* XnVDepthGenerator.h */ = {isa = PBXFileReference; fileEncoding = 4; lastKnownFileType = sourcecode.c.h; path = XnVDepthGenerator.h; sourceTree = "<group>"; };
		1DB45BE514924A9A005BBD66 /* XnVDepthMessage.h */ = {isa = PBXFileReference; fileEncoding = 4; lastKnownFileType = sourcecode.c.h; path = XnVDepthMessage.h; sourceTree = "<group>"; };
		1DB45BE614924A9A005BBD66 /* XnVDeviceControl.h */ = {isa = PBXFileReference; fileEncoding = 4; lastKnownFileType = sourcecode.c.h; path = XnVDeviceControl.h; sourceTree = "<group>"; };
		1DB45BE714924A9A005BBD66 /* XnVDeviceFilter.h */ = {isa = PBXFileReference; fileEncoding = 4; lastKnownFileType = sourcecode.c.h; path = XnVDeviceFilter.h; sourceTree = "<group>"; };
		1DB45BE814924A9A005BBD66 /* XnVDeviceGenerator.h */ = {isa = PBXFileReference; fileEncoding = 4; lastKnownFileType = sourcecode.c.h; path = XnVDeviceGenerator.h; sourceTree = "<group>"; };
		1DB45BE914924A9A005BBD66 /* XnVDeviceMessage.h */ = {isa = PBXFileReference; fileEncoding = 4; lastKnownFileType = sourcecode.c.h; path = XnVDeviceMessage.h; sourceTree = "<group>"; };
		1DB45BEA14924A9A005BBD66 /* XnVDirection.h */ = {isa = PBXFileReference; fileEncoding = 4; lastKnownFileType = sourcecode.c.h; path = XnVDirection.h; sourceTree = "<group>"; };
		1DB45BEB14924A9A005BBD66 /* XnVFilter.h */ = {isa = PBXFileReference; fileEncoding = 4; lastKnownFileType = sourcecode.c.h; path = XnVFilter.h; sourceTree = "<group>"; };
		1DB45BEC14924A9A005BBD66 /* XnVFlowRouter.h */ = {isa = PBXFileReference; fileEncoding = 4; lastKnownFileType = sourcecode.c.h; path = XnVFlowRouter.h; sourceTree = "<group>"; };
		1DB45BED14924A9A005BBD66 /* XnVGesture.h */ = {isa = PBXFileReference; fileEncoding = 4; lastKnownFileType = sourcecode.c.h; path = XnVGesture.h; sourceTree = "<group>"; };
		1DB45BEE14924A9A005BBD66 /* XnVHandle.h */ = {isa = PBXFileReference; fileEncoding = 4; lastKnownFileType = sourcecode.c.h; path = XnVHandle.h; sourceTree = "<group>"; };
		1DB45BEF14924A9A005BBD66 /* XnVHandPointContext.h */ = {isa = PBXFileReference; fileEncoding = 4; lastKnownFileType = sourcecode.c.h; path = XnVHandPointContext.h; sourceTree = "<group>"; };
		1DB45BF014924A9A005BBD66 /* XnVImageGenerator.h */ = {isa = PBXFileReference; fileEncoding = 4; lastKnownFileType = sourcecode.c.h; path = XnVImageGenerator.h; sourceTree = "<group>"; };
		1DB45BF114924A9A005BBD66 /* XnVImageMessage.h */ = {isa = PBXFileReference; fileEncoding = 4; lastKnownFileType = sourcecode.c.h; path = XnVImageMessage.h; sourceTree = "<group>"; };
		1DB45BF214924A9A005BBD66 /* XnVMathCommon.h */ = {isa = PBXFileReference; fileEncoding = 4; lastKnownFileType = sourcecode.c.h; path = XnVMathCommon.h; sourceTree = "<group>"; };
		1DB45BF314924A9A005BBD66 /* XnVMessage.h */ = {isa = PBXFileReference; fileEncoding = 4; lastKnownFileType = sourcecode.c.h; path = XnVMessage.h; sourceTree = "<group>"; };
		1DB45BF414924A9A005BBD66 /* XnVMessageGenerator.h */ = {isa = PBXFileReference; fileEncoding = 4; lastKnownFileType = sourcecode.c.h; path = XnVMessageGenerator.h; sourceTree = "<group>"; };
		1DB45BF514924A9A005BBD66 /* XnVMessageListener.h */ = {isa = PBXFileReference; fileEncoding = 4; lastKnownFileType = sourcecode.c.h; path = XnVMessageListener.h; sourceTree = "<group>"; };
		1DB45BF614924A9A005BBD66 /* XnVMessageMux.h */ = {isa = PBXFileReference; fileEncoding = 4; lastKnownFileType = sourcecode.c.h; path = XnVMessageMux.h; sourceTree = "<group>"; };
		1DB45BF714924A9A005BBD66 /* XnVMultiItemHysteresis1D.h */ = {isa = PBXFileReference; fileEncoding = 4; lastKnownFileType = sourcecode.c.h; path = XnVMultiItemHysteresis1D.h; sourceTree = "<group>"; };
		1DB45BF814924A9A005BBD66 /* XnVMultiItemHysteresis2D.h */ = {isa = PBXFileReference; fileEncoding = 4; lastKnownFileType = sourcecode.c.h; path = XnVMultiItemHysteresis2D.h; sourceTree = "<group>"; };
		1DB45BF914924A9A005BBD66 /* XnVMultipleHands.h */ = {isa = PBXFileReference; fileEncoding = 4; lastKnownFileType = sourcecode.c.h; path = XnVMultipleHands.h; sourceTree = "<group>"; };
		1DB45BFA14924A9A005BBD66 /* XnVMultiProcessFlowClient.h */ = {isa = PBXFileReference; fileEncoding = 4; lastKnownFileType = sourcecode.c.h; path = XnVMultiProcessFlowClient.h; sourceTree = "<group>"; };
		1DB45BFB14924A9A005BBD66 /* XnVMultiProcessFlowServer.h */ = {isa = PBXFileReference; fileEncoding = 4; lastKnownFileType = sourcecode.c.h; path = XnVMultiProcessFlowServer.h; sourceTree = "<group>"; };
		1DB45BFC14924A9A005BBD66 /* XnVNite.h */ = {isa = PBXFileReference; fileEncoding = 4; lastKnownFileType = sourcecode.c.h; path = XnVNite.h; sourceTree = "<group>"; };
		1DB45BFD14924A9A005BBD66 /* XnVNiteControls.h */ = {isa = PBXFileReference; fileEncoding = 4; lastKnownFileType = sourcecode.c.h; path = XnVNiteControls.h; sourceTree = "<group>"; };
		1DB45BFE14924A9A005BBD66 /* XnVNiteDefs.h */ = {isa = PBXFileReference; fileEncoding = 4; lastKnownFileType = sourcecode.c.h; path = XnVNiteDefs.h; sourceTree = "<group>"; };
		1DB45BFF14924A9A005BBD66 /* XnVNiteEvents.h */ = {isa = PBXFileReference; fileEncoding = 4; lastKnownFileType = sourcecode.c.h; path = XnVNiteEvents.h; sourceTree = "<group>"; };
		1DB45C0014924A9A005BBD66 /* XnVNiteFramework.h */ = {isa = PBXFileReference; fileEncoding = 4; lastKnownFileType = sourcecode.c.h; path = XnVNiteFramework.h; sourceTree = "<group>"; };
		1DB45C0114924A9A005BBD66 /* XnVNiteLog.h */ = {isa = PBXFileReference; fileEncoding = 4; lastKnownFileType = sourcecode.c.h; path = XnVNiteLog.h; sourceTree = "<group>"; };
		1DB45C0214924A9A005BBD66 /* XnVNiteStatus.h */ = {isa = PBXFileReference; fileEncoding = 4; lastKnownFileType = sourcecode.c.h; path = XnVNiteStatus.h; sourceTree = "<group>"; };
		1DB45C0314924A9A005BBD66 /* XnVNiteVersion.h */ = {isa = PBXFileReference; fileEncoding = 4; lastKnownFileType = sourcecode.c.h; path = XnVNiteVersion.h; sourceTree = "<group>"; };
		1DB45C0414924A9A005BBD66 /* XnVPointArea.h */ = {isa = PBXFileReference; fileEncoding = 4; lastKnownFileType = sourcecode.c.h; path = XnVPointArea.h; sourceTree = "<group>"; };
		1DB45C0514924A9A005BBD66 /* XnVPointControl.h */ = {isa = PBXFileReference; fileEncoding = 4; lastKnownFileType = sourcecode.c.h; path = XnVPointControl.h; sourceTree = "<group>"; };
		1DB45C0614924A9A005BBD66 /* XnVPointDenoiser.h */ = {isa = PBXFileReference; fileEncoding = 4; lastKnownFileType = sourcecode.c.h; path = XnVPointDenoiser.h; sourceTree = "<group>"; };
		1DB45C0714924A9A005BBD66 /* XnVPointFilter.h */ = {isa = PBXFileReference; fileEncoding = 4; lastKnownFileType = sourcecode.c.h; path = XnVPointFilter.h; sourceTree = "<group>"; };
		1DB45C0814924A9A005BBD66 /* XnVPointMessage.h */ = {isa = PBXFileReference; fileEncoding = 4; lastKnownFileType = sourcecode.c.h; path = XnVPointMessage.h; sourceTree = "<group>"; };
		1DB45C0914924A9A005BBD66 /* XnVPointTracker.h */ = {isa = PBXFileReference; fileEncoding = 4; lastKnownFileType = sourcecode.c.h; path = XnVPointTracker.h; sourceTree = "<group>"; };
		1DB45C0A14924A9A005BBD66 /* XnVPushDetector.h */ = {isa = PBXFileReference; fileEncoding = 4; lastKnownFileType = sourcecode.c.h; path = XnVPushDetector.h; sourceTree = "<group>"; };
		1DB45C0B14924A9A005BBD66 /* XnVSelectableSlider1D.h */ = {isa = PBXFileReference; fileEncoding = 4; lastKnownFileType = sourcecode.c.h; path = XnVSelectableSlider1D.h; sourceTree = "<group>"; };
		1DB45C0C14924A9A005BBD66 /* XnVSelectableSlider2D.h */ = {isa = PBXFileReference; fileEncoding = 4; lastKnownFileType = sourcecode.c.h; path = XnVSelectableSlider2D.h; sourceTree = "<group>"; };
		1DB45C0D14924A9A005BBD66 /* XnVSessionGenerator.h */ = {isa = PBXFileReference; fileEncoding = 4; lastKnownFileType = sourcecode.c.h; path = XnVSessionGenerator.h; sourceTree = "<group>"; };
		1DB45C0E14924A9A005BBD66 /* XnVSessionListener.h */ = {isa = PBXFileReference; fileEncoding = 4; lastKnownFileType = sourcecode.c.h; path = XnVSessionListener.h; sourceTree = "<group>"; };
		1DB45C0F14924A9A005BBD66 /* XnVSessionManager.h */ = {isa = PBXFileReference; fileEncoding = 4; lastKnownFileType = sourcecode.c.h; path = XnVSessionManager.h; sourceTree = "<group>"; };
		1DB45C1014924A9A005BBD66 /* XnVSessionMessage.h */ = {isa = PBXFileReference; fileEncoding = 4; lastKnownFileType = sourcecode.c.h; path = XnVSessionMessage.h; sourceTree = "<group>"; };
		1DB45C1114924A9A005BBD66 /* XnVSlider1D.h */ = {isa = PBXFileReference; fileEncoding = 4; lastKnownFileType = sourcecode.c.h; path = XnVSlider1D.h; sourceTree = "<group>"; };
		1DB45C1214924A9A005BBD66 /* XnVSlider2D.h */ = {isa = PBXFileReference; fileEncoding = 4; lastKnownFileType = sourcecode.c.h; path = XnVSlider2D.h; sourceTree = "<group>"; };
		1DB45C1314924A9A005BBD66 /* XnVSlider3D.h */ = {isa = PBXFileReference; fileEncoding = 4; lastKnownFileType = sourcecode.c.h; path = XnVSlider3D.h; sourceTree = "<group>"; };
		1DB45C1414924A9A005BBD66 /* XnVSteadyDetector.h */ = {isa = PBXFileReference; fileEncoding = 4; lastKnownFileType = sourcecode.c.h; path = XnVSteadyDetector.h; sourceTree = "<group>"; };
		1DB45C1514924A9A005BBD66 /* XnVSwipeDetector.h */ = {isa = PBXFileReference; fileEncoding = 4; lastKnownFileType = sourcecode.c.h; path = XnVSwipeDetector.h; sourceTree = "<group>"; };
		1DB45C1614924A9A005BBD66 /* XnVVirtualCoordinates.h */ = {isa = PBXFileReference; fileEncoding = 4; lastKnownFileType = sourcecode.c.h; path = XnVVirtualCoordinates.h; sourceTree = "<group>"; };
		1DB45C1714924A9A005BBD66 /* XnVWaveDetector.h */ = {isa = PBXFileReference; fileEncoding = 4; lastKnownFileType = sourcecode.c.h; path = XnVWaveDetector.h; sourceTree = "<group>"; };
		1DB45C1A14924A9A005BBD66 /* XnOSARC.h */ = {isa = PBXFileReference; fileEncoding = 4; lastKnownFileType = sourcecode.c.h; path = XnOSARC.h; sourceTree = "<group>"; };
		1DB45C1B14924A9A005BBD66 /* XnPlatformARC.h */ = {isa = PBXFileReference; fileEncoding = 4; lastKnownFileType = sourcecode.c.h; path = XnPlatformARC.h; sourceTree = "<group>"; };
		1DB45C1C14924A9A005BBD66 /* Development.txt */ = {isa = PBXFileReference; fileEncoding = 4; lastKnownFileType = text; path = Development.txt; sourceTree = "<group>"; };
		1DB45C1D14924A9A005BBD66 /* Documentation.txt */ = {isa = PBXFileReference; fileEncoding = 4; lastKnownFileType = text; path = Documentation.txt; sourceTree = "<group>"; };
		1DB45C1E14924A9A005BBD66 /* IXnNodeAllocator.h */ = {isa = PBXFileReference; fileEncoding = 4; lastKnownFileType = sourcecode.c.h; path = IXnNodeAllocator.h; sourceTree = "<group>"; };
		1DB45C2014924A9A005BBD66 /* XnPlatformLinux-Arm.h */ = {isa = PBXFileReference; fileEncoding = 4; lastKnownFileType = sourcecode.c.h; path = "XnPlatformLinux-Arm.h"; sourceTree = "<group>"; };
		1DB45C2214924A9A005BBD66 /* XnOSLinux-x86.h */ = {isa = PBXFileReference; fileEncoding = 4; lastKnownFileType = sourcecode.c.h; path = "XnOSLinux-x86.h"; sourceTree = "<group>"; };
		1DB45C2314924A9A005BBD66 /* XnPlatformLinux-x86.h */ = {isa = PBXFileReference; fileEncoding = 4; lastKnownFileType = sourcecode.c.h; path = "XnPlatformLinux-x86.h"; sourceTree = "<group>"; };
		1DB45C2514924A9A005BBD66 /* XnPlatformMacOSX.h */ = {isa = PBXFileReference; fileEncoding = 4; lastKnownFileType = sourcecode.c.h; path = XnPlatformMacOSX.h; sourceTree = "<group>"; };
		1DB45C2714924A9A005BBD66 /* XnOSWin32.h */ = {isa = PBXFileReference; fileEncoding = 4; lastKnownFileType = sourcecode.c.h; path = XnOSWin32.h; sourceTree = "<group>"; };
		1DB45C2814924A9A005BBD66 /* XnPlatformWin32.h */ = {isa = PBXFileReference; fileEncoding = 4; lastKnownFileType = sourcecode.c.h; path = XnPlatformWin32.h; sourceTree = "<group>"; };
		1DB45C2914924A9A005BBD66 /* XnAlgorithms.h */ = {isa = PBXFileReference; fileEncoding = 4; lastKnownFileType = sourcecode.c.h; path = XnAlgorithms.h; sourceTree = "<group>"; };
		1DB45C2A14924A9A005BBD66 /* XnArray.h */ = {isa = PBXFileReference; fileEncoding = 4; lastKnownFileType = sourcecode.c.h; path = XnArray.h; sourceTree = "<group>"; };
		1DB45C2B14924A9A005BBD66 /* XnBaseNode.h */ = {isa = PBXFileReference; fileEncoding = 4; lastKnownFileType = sourcecode.c.h; path = XnBaseNode.h; sourceTree = "<group>"; };
		1DB45C2C14924A9A005BBD66 /* XnBitSet.h */ = {isa = PBXFileReference; fileEncoding = 4; lastKnownFileType = sourcecode.c.h; path = XnBitSet.h; sourceTree = "<group>"; };
		1DB45C2D14924A9A005BBD66 /* XnCallback.h */ = {isa = PBXFileReference; fileEncoding = 4; lastKnownFileType = sourcecode.c.h; path = XnCallback.h; sourceTree = "<group>"; };
		1DB45C2E14924A9B005BBD66 /* XnCodecIDs.h */ = {isa = PBXFileReference; fileEncoding = 4; lastKnownFileType = sourcecode.c.h; path = XnCodecIDs.h; sourceTree = "<group>"; };
		1DB45C2F14924A9B005BBD66 /* XnContext.h */ = {isa = PBXFileReference; fileEncoding = 4; lastKnownFileType = sourcecode.c.h; path = XnContext.h; sourceTree = "<group>"; };
		1DB45C3014924A9B005BBD66 /* XnCppWrapper.h */ = {isa = PBXFileReference; fileEncoding = 4; lastKnownFileType = sourcecode.c.h; path = XnCppWrapper.h; sourceTree = "<group>"; };
		1DB45C3114924A9B005BBD66 /* XnDataTypes.h */ = {isa = PBXFileReference; fileEncoding = 4; lastKnownFileType = sourcecode.c.h; path = XnDataTypes.h; sourceTree = "<group>"; };
		1DB45C3214924A9B005BBD66 /* XnEnumerationErrors.h */ = {isa = PBXFileReference; fileEncoding = 4; lastKnownFileType = sourcecode.c.h; path = XnEnumerationErrors.h; sourceTree = "<group>"; };
		1DB45C3314924A9B005BBD66 /* XnEvent.h */ = {isa = PBXFileReference; fileEncoding = 4; lastKnownFileType = sourcecode.c.h; path = XnEvent.h; sourceTree = "<group>"; };
		1DB45C3414924A9B005BBD66 /* XnFPSCalculator.h */ = {isa = PBXFileReference; fileEncoding = 4; lastKnownFileType = sourcecode.c.h; path = XnFPSCalculator.h; sourceTree = "<group>"; };
		1DB45C3514924A9B005BBD66 /* XnGeneralBuffer.h */ = {isa = PBXFileReference; fileEncoding = 4; lastKnownFileType = sourcecode.c.h; path = XnGeneralBuffer.h; sourceTree = "<group>"; };
		1DB45C3614924A9B005BBD66 /* XnHash.h */ = {isa = PBXFileReference; fileEncoding = 4; lastKnownFileType = sourcecode.c.h; path = XnHash.h; sourceTree = "<group>"; };
		1DB45C3714924A9B005BBD66 /* XnInternalDefs.h */ = {isa = PBXFileReference; fileEncoding = 4; lastKnownFileType = sourcecode.c.h; path = XnInternalDefs.h; sourceTree = "<group>"; };
		1DB45C3814924A9B005BBD66 /* XnLicensing.h */ = {isa = PBXFileReference; fileEncoding = 4; lastKnownFileType = sourcecode.c.h; path = XnLicensing.h; sourceTree = "<group>"; };
		1DB45C3914924A9B005BBD66 /* XnList.h */ = {isa = PBXFileReference; fileEncoding = 4; lastKnownFileType = sourcecode.c.h; path = XnList.h; sourceTree = "<group>"; };
		1DB45C3A14924A9B005BBD66 /* XnLog.h */ = {isa = PBXFileReference; fileEncoding = 4; lastKnownFileType = sourcecode.c.h; path = XnLog.h; sourceTree = "<group>"; };
		1DB45C3B14924A9B005BBD66 /* XnMacros.h */ = {isa = PBXFileReference; fileEncoding = 4; lastKnownFileType = sourcecode.c.h; path = XnMacros.h; sourceTree = "<group>"; };
		1DB45C3C14924A9B005BBD66 /* XnModuleCFunctions.h */ = {isa = PBXFileReference; fileEncoding = 4; lastKnownFileType = sourcecode.c.h; path = XnModuleCFunctions.h; sourceTree = "<group>"; };
		1DB45C3D14924A9B005BBD66 /* XnModuleCppInterface.h */ = {isa = PBXFileReference; fileEncoding = 4; lastKnownFileType = sourcecode.c.h; path = XnModuleCppInterface.h; sourceTree = "<group>"; };
		1DB45C3E14924A9B005BBD66 /* XnModuleCppRegistratration.h */ = {isa = PBXFileReference; fileEncoding = 4; lastKnownFileType = sourcecode.c.h; path = XnModuleCppRegistratration.h; sourceTree = "<group>"; };
		1DB45C3F14924A9B005BBD66 /* XnModuleInterface.h */ = {isa = PBXFileReference; fileEncoding = 4; lastKnownFileType = sourcecode.c.h; path = XnModuleInterface.h; sourceTree = "<group>"; };
		1DB45C4014924A9B005BBD66 /* XnNode.h */ = {isa = PBXFileReference; fileEncoding = 4; lastKnownFileType = sourcecode.c.h; path = XnNode.h; sourceTree = "<group>"; };
		1DB45C4114924A9B005BBD66 /* XnNodeAllocator.h */ = {isa = PBXFileReference; fileEncoding = 4; lastKnownFileType = sourcecode.c.h; path = XnNodeAllocator.h; sourceTree = "<group>"; };
		1DB45C4214924A9B005BBD66 /* XnOpenNI.h */ = {isa = PBXFileReference; fileEncoding = 4; lastKnownFileType = sourcecode.c.h; path = XnOpenNI.h; sourceTree = "<group>"; };
		1DB45C4314924A9B005BBD66 /* XnOS.h */ = {isa = PBXFileReference; fileEncoding = 4; lastKnownFileType = sourcecode.c.h; path = XnOS.h; sourceTree = "<group>"; };
		1DB45C4414924A9B005BBD66 /* XnOSCpp.h */ = {isa = PBXFileReference; fileEncoding = 4; lastKnownFileType = sourcecode.c.h; path = XnOSCpp.h; sourceTree = "<group>"; };
		1DB45C4514924A9B005BBD66 /* XnOSMemory.h */ = {isa = PBXFileReference; fileEncoding = 4; lastKnownFileType = sourcecode.c.h; path = XnOSMemory.h; sourceTree = "<group>"; };
		1DB45C4614924A9B005BBD66 /* XnOSStrings.h */ = {isa = PBXFileReference; fileEncoding = 4; lastKnownFileType = sourcecode.c.h; path = XnOSStrings.h; sourceTree = "<group>"; };
		1DB45C4714924A9B005BBD66 /* XnPlatform.h */ = {isa = PBXFileReference; fileEncoding = 4; lastKnownFileType = sourcecode.c.h; path = XnPlatform.h; sourceTree = "<group>"; };
		1DB45C4814924A9B005BBD66 /* XnPrdNode.h */ = {isa = PBXFileReference; fileEncoding = 4; lastKnownFileType = sourcecode.c.h; path = XnPrdNode.h; sourceTree = "<group>"; };
		1DB45C4914924A9B005BBD66 /* XnPrdNodeInfo.h */ = {isa = PBXFileReference; fileEncoding = 4; lastKnownFileType = sourcecode.c.h; path = XnPrdNodeInfo.h; sourceTree = "<group>"; };
		1DB45C4A14924A9B005BBD66 /* XnPrdNodeInfoList.h */ = {isa = PBXFileReference; fileEncoding = 4; lastKnownFileType = sourcecode.c.h; path = XnPrdNodeInfoList.h; sourceTree = "<group>"; };
		1DB45C4B14924A9B005BBD66 /* XnProfiling.h */ = {isa = PBXFileReference; fileEncoding = 4; lastKnownFileType = sourcecode.c.h; path = XnProfiling.h; sourceTree = "<group>"; };
		1DB45C4C14924A9B005BBD66 /* XnPropNames.h */ = {isa = PBXFileReference; fileEncoding = 4; lastKnownFileType = sourcecode.c.h; path = XnPropNames.h; sourceTree = "<group>"; };
		1DB45C4D14924A9B005BBD66 /* XnQueries.h */ = {isa = PBXFileReference; fileEncoding = 4; lastKnownFileType = sourcecode.c.h; path = XnQueries.h; sourceTree = "<group>"; };
		1DB45C4E14924A9B005BBD66 /* XnQueue.h */ = {isa = PBXFileReference; fileEncoding = 4; lastKnownFileType = sourcecode.c.h; path = XnQueue.h; sourceTree = "<group>"; };
		1DB45C4F14924A9B005BBD66 /* XnScheduler.h */ = {isa = PBXFileReference; fileEncoding = 4; lastKnownFileType = sourcecode.c.h; path = XnScheduler.h; sourceTree = "<group>"; };
		1DB45C5014924A9B005BBD66 /* XnStack.h */ = {isa = PBXFileReference; fileEncoding = 4; lastKnownFileType = sourcecode.c.h; path = XnStack.h; sourceTree = "<group>"; };
		1DB45C5114924A9B005BBD66 /* XnStatus.h */ = {isa = PBXFileReference; fileEncoding = 4; lastKnownFileType = sourcecode.c.h; path = XnStatus.h; sourceTree = "<group>"; };
		1DB45C5214924A9B005BBD66 /* XnStatusCodes.h */ = {isa = PBXFileReference; fileEncoding = 4; lastKnownFileType = sourcecode.c.h; path = XnStatusCodes.h; sourceTree = "<group>"; };
		1DB45C5314924A9B005BBD66 /* XnStatusRegister.h */ = {isa = PBXFileReference; fileEncoding = 4; lastKnownFileType = sourcecode.c.h; path = XnStatusRegister.h; sourceTree = "<group>"; };
		1DB45C5414924A9B005BBD66 /* XnStringsHash.h */ = {isa = PBXFileReference; fileEncoding = 4; lastKnownFileType = sourcecode.c.h; path = XnStringsHash.h; sourceTree = "<group>"; };
		1DB45C5514924A9B005BBD66 /* XnThreadSafeQueue.h */ = {isa = PBXFileReference; fileEncoding = 4; lastKnownFileType = sourcecode.c.h; path = XnThreadSafeQueue.h; sourceTree = "<group>"; };
		1DB45C5614924A9B005BBD66 /* XnTypes.h */ = {isa = PBXFileReference; fileEncoding = 4; lastKnownFileType = sourcecode.c.h; path = XnTypes.h; sourceTree = "<group>"; };
		1DB45C5714924A9B005BBD66 /* XnUSB.h */ = {isa = PBXFileReference; fileEncoding = 4; lastKnownFileType = sourcecode.c.h; path = XnUSB.h; sourceTree = "<group>"; };
		1DB45C5814924A9B005BBD66 /* XnUtils.h */ = {isa = PBXFileReference; fileEncoding = 4; lastKnownFileType = sourcecode.c.h; path = XnUtils.h; sourceTree = "<group>"; };
		1DB45C5914924A9B005BBD66 /* XnVersion.h */ = {isa = PBXFileReference; fileEncoding = 4; lastKnownFileType = sourcecode.c.h; path = XnVersion.h; sourceTree = "<group>"; };
		1DB45C5B14924A9B005BBD66 /* ofxDepthGenerator.cpp */ = {isa = PBXFileReference; fileEncoding = 4; lastKnownFileType = sourcecode.cpp.cpp; path = ofxDepthGenerator.cpp; sourceTree = "<group>"; };
		1DB45C5C14924A9B005BBD66 /* ofxDepthGenerator.h */ = {isa = PBXFileReference; fileEncoding = 4; lastKnownFileType = sourcecode.c.h; path = ofxDepthGenerator.h; sourceTree = "<group>"; };
		1DB45C5D14924A9B005BBD66 /* ofxGestureGenerator.cpp */ = {isa = PBXFileReference; fileEncoding = 4; lastKnownFileType = sourcecode.cpp.cpp; path = ofxGestureGenerator.cpp; sourceTree = "<group>"; };
		1DB45C5E14924A9B005BBD66 /* ofxGestureGenerator.h */ = {isa = PBXFileReference; fileEncoding = 4; lastKnownFileType = sourcecode.c.h; path = ofxGestureGenerator.h; sourceTree = "<group>"; };
		1DB45C5F14924A9B005BBD66 /* ofxHandGenerator.cpp */ = {isa = PBXFileReference; fileEncoding = 4; lastKnownFileType = sourcecode.cpp.cpp; path = ofxHandGenerator.cpp; sourceTree = "<group>"; };
		1DB45C6014924A9B005BBD66 /* ofxHandGenerator.h */ = {isa = PBXFileReference; fileEncoding = 4; lastKnownFileType = sourcecode.c.h; path = ofxHandGenerator.h; sourceTree = "<group>"; };
		1DB45C6114924A9B005BBD66 /* ofxHardwareDriver.cpp */ = {isa = PBXFileReference; fileEncoding = 4; lastKnownFileType = sourcecode.cpp.cpp; path = ofxHardwareDriver.cpp; sourceTree = "<group>"; };
		1DB45C6214924A9B005BBD66 /* ofxHardwareDriver.h */ = {isa = PBXFileReference; fileEncoding = 4; lastKnownFileType = sourcecode.c.h; path = ofxHardwareDriver.h; sourceTree = "<group>"; };
		1DB45C6314924A9B005BBD66 /* ofxImageGenerator.cpp */ = {isa = PBXFileReference; fileEncoding = 4; lastKnownFileType = sourcecode.cpp.cpp; path = ofxImageGenerator.cpp; sourceTree = "<group>"; };
		1DB45C6414924A9B005BBD66 /* ofxImageGenerator.h */ = {isa = PBXFileReference; fileEncoding = 4; lastKnownFileType = sourcecode.c.h; path = ofxImageGenerator.h; sourceTree = "<group>"; };
		1DB45C6514924A9B005BBD66 /* ofxIRGenerator.cpp */ = {isa = PBXFileReference; fileEncoding = 4; lastKnownFileType = sourcecode.cpp.cpp; path = ofxIRGenerator.cpp; sourceTree = "<group>"; };
		1DB45C6614924A9B005BBD66 /* ofxIRGenerator.h */ = {isa = PBXFileReference; fileEncoding = 4; lastKnownFileType = sourcecode.c.h; path = ofxIRGenerator.h; sourceTree = "<group>"; };
		1DB45C6714924A9B005BBD66 /* ofxOpenNI.h */ = {isa = PBXFileReference; fileEncoding = 4; lastKnownFileType = sourcecode.c.h; path = ofxOpenNI.h; sourceTree = "<group>"; };
		1DB45C6814924A9B005BBD66 /* ofxOpenNIContext.cpp */ = {isa = PBXFileReference; fileEncoding = 4; lastKnownFileType = sourcecode.cpp.cpp; path = ofxOpenNIContext.cpp; sourceTree = "<group>"; };
		1DB45C6914924A9B005BBD66 /* ofxOpenNIContext.h */ = {isa = PBXFileReference; fileEncoding = 4; lastKnownFileType = sourcecode.c.h; path = ofxOpenNIContext.h; sourceTree = "<group>"; };
		1DB45C6A14924A9B005BBD66 /* ofxOpenNIMacros.h */ = {isa = PBXFileReference; fileEncoding = 4; lastKnownFileType = sourcecode.c.h; path = ofxOpenNIMacros.h; sourceTree = "<group>"; };
		1DB45C6B14924A9B005BBD66 /* ofxOpenNIRecorder.cpp */ = {isa = PBXFileReference; fileEncoding = 4; lastKnownFileType = sourcecode.cpp.cpp; path = ofxOpenNIRecorder.cpp; sourceTree = "<group>"; };
		1DB45C6C14924A9B005BBD66 /* ofxOpenNIRecorder.h */ = {isa = PBXFileReference; fileEncoding = 4; lastKnownFileType = sourcecode.c.h; path = ofxOpenNIRecorder.h; sourceTree = "<group>"; };
		1DB45C6D14924A9B005BBD66 /* ofxTrackedHand.cpp */ = {isa = PBXFileReference; fileEncoding = 4; lastKnownFileType = sourcecode.cpp.cpp; path = ofxTrackedHand.cpp; sourceTree = "<group>"; };
		1DB45C6E14924A9B005BBD66 /* ofxTrackedHand.h */ = {isa = PBXFileReference; fileEncoding = 4; lastKnownFileType = sourcecode.c.h; path = ofxTrackedHand.h; sourceTree = "<group>"; };
		1DB45C6F14924A9B005BBD66 /* ofxTrackedUser.cpp */ = {isa = PBXFileReference; fileEncoding = 4; lastKnownFileType = sourcecode.cpp.cpp; path = ofxTrackedUser.cpp; sourceTree = "<group>"; };
		1DB45C7014924A9B005BBD66 /* ofxTrackedUser.h */ = {isa = PBXFileReference; fileEncoding = 4; lastKnownFileType = sourcecode.c.h; path = ofxTrackedUser.h; sourceTree = "<group>"; };
		1DB45C7114924A9B005BBD66 /* ofxUserGenerator.cpp */ = {isa = PBXFileReference; fileEncoding = 4; lastKnownFileType = sourcecode.cpp.cpp; path = ofxUserGenerator.cpp; sourceTree = "<group>"; };
		1DB45C7214924A9B005BBD66 /* ofxUserGenerator.h */ = {isa = PBXFileReference; fileEncoding = 4; lastKnownFileType = sourcecode.c.h; path = ofxUserGenerator.h; sourceTree = "<group>"; };
		1DB45C7F14924B85005BBD66 /* change_exec_paths.sh */ = {isa = PBXFileReference; fileEncoding = 4; lastKnownFileType = text.script.sh; path = change_exec_paths.sh; sourceTree = "<group>"; };
		1DB45C8014924B85005BBD66 /* libnimCodecs.dylib */ = {isa = PBXFileReference; lastKnownFileType = "compiled.mach-o.dylib"; path = libnimCodecs.dylib; sourceTree = "<group>"; };
		1DB45C8114924B85005BBD66 /* libnimMockNodes.dylib */ = {isa = PBXFileReference; lastKnownFileType = "compiled.mach-o.dylib"; path = libnimMockNodes.dylib; sourceTree = "<group>"; };
		1DB45C8214924B85005BBD66 /* libnimRecorder.dylib */ = {isa = PBXFileReference; lastKnownFileType = "compiled.mach-o.dylib"; path = libnimRecorder.dylib; sourceTree = "<group>"; };
		1DB45C8314924B85005BBD66 /* libOpenNI.dylib */ = {isa = PBXFileReference; lastKnownFileType = "compiled.mach-o.dylib"; path = libOpenNI.dylib; sourceTree = "<group>"; };
		1DB45C8414924B85005BBD66 /* libusb-1.0.0.dylib */ = {isa = PBXFileReference; lastKnownFileType = "compiled.mach-o.dylib"; path = "libusb-1.0.0.dylib"; sourceTree = "<group>"; };
		1DB45C8514924B85005BBD66 /* libXnCore.dylib */ = {isa = PBXFileReference; lastKnownFileType = "compiled.mach-o.dylib"; path = libXnCore.dylib; sourceTree = "<group>"; };
		1DB45C8614924B85005BBD66 /* libXnDDK.dylib */ = {isa = PBXFileReference; lastKnownFileType = "compiled.mach-o.dylib"; path = libXnDDK.dylib; sourceTree = "<group>"; };
		1DB45C8714924B85005BBD66 /* libXnDeviceFile.dylib */ = {isa = PBXFileReference; lastKnownFileType = "compiled.mach-o.dylib"; path = libXnDeviceFile.dylib; sourceTree = "<group>"; };
		1DB45C8814924B85005BBD66 /* libXnDeviceSensorV2KM.dylib */ = {isa = PBXFileReference; lastKnownFileType = "compiled.mach-o.dylib"; path = libXnDeviceSensorV2KM.dylib; sourceTree = "<group>"; };
		1DB45C8914924B85005BBD66 /* libXnFormats.dylib */ = {isa = PBXFileReference; lastKnownFileType = "compiled.mach-o.dylib"; path = libXnFormats.dylib; sourceTree = "<group>"; };
		1DB45C8A14924B85005BBD66 /* libXnVCNITE_1_3_1.dylib */ = {isa = PBXFileReference; lastKnownFileType = "compiled.mach-o.dylib"; path = libXnVCNITE_1_3_1.dylib; sourceTree = "<group>"; };
		1DB45C8B14924B85005BBD66 /* libXnVFeatures_1_3_1.dylib */ = {isa = PBXFileReference; lastKnownFileType = "compiled.mach-o.dylib"; path = libXnVFeatures_1_3_1.dylib; sourceTree = "<group>"; };
		1DB45C8C14924B85005BBD66 /* libXnVHandGenerator_1_3_1.dylib */ = {isa = PBXFileReference; lastKnownFileType = "compiled.mach-o.dylib"; path = libXnVHandGenerator_1_3_1.dylib; sourceTree = "<group>"; };
		1DB45C8D14924B85005BBD66 /* libXnVNite_1_3_1.dylib */ = {isa = PBXFileReference; lastKnownFileType = "compiled.mach-o.dylib"; path = libXnVNite_1_3_1.dylib; sourceTree = "<group>"; };
		1DB45C8E14924B85005BBD66 /* XnVNite.net_1_3_1.dll */ = {isa = PBXFileReference; lastKnownFileType = file; path = XnVNite.net_1_3_1.dll; sourceTree = "<group>"; };
		BBAB23BE13894E4700AA2426 /* GLUT.framework */ = {isa = PBXFileReference; lastKnownFileType = wrapper.framework; name = GLUT.framework; path = ../../../libs/glut/lib/osx/GLUT.framework; sourceTree = "<group>"; };
		E4328143138ABC890047C5CB /* openFrameworksLib.xcodeproj */ = {isa = PBXFileReference; lastKnownFileType = "wrapper.pb-project"; name = openFrameworksLib.xcodeproj; path = ../../../libs/openFrameworksCompiled/project/osx/openFrameworksLib.xcodeproj; sourceTree = SOURCE_ROOT; };
		E45BE9710E8CC7DD009D7055 /* AGL.framework */ = {isa = PBXFileReference; lastKnownFileType = wrapper.framework; name = AGL.framework; path = /System/Library/Frameworks/AGL.framework; sourceTree = "<absolute>"; };
		E45BE9720E8CC7DD009D7055 /* ApplicationServices.framework */ = {isa = PBXFileReference; lastKnownFileType = wrapper.framework; name = ApplicationServices.framework; path = /System/Library/Frameworks/ApplicationServices.framework; sourceTree = "<absolute>"; };
		E45BE9730E8CC7DD009D7055 /* AudioToolbox.framework */ = {isa = PBXFileReference; lastKnownFileType = wrapper.framework; name = AudioToolbox.framework; path = /System/Library/Frameworks/AudioToolbox.framework; sourceTree = "<absolute>"; };
		E45BE9740E8CC7DD009D7055 /* Carbon.framework */ = {isa = PBXFileReference; lastKnownFileType = wrapper.framework; name = Carbon.framework; path = /System/Library/Frameworks/Carbon.framework; sourceTree = "<absolute>"; };
		E45BE9750E8CC7DD009D7055 /* CoreAudio.framework */ = {isa = PBXFileReference; lastKnownFileType = wrapper.framework; name = CoreAudio.framework; path = /System/Library/Frameworks/CoreAudio.framework; sourceTree = "<absolute>"; };
		E45BE9760E8CC7DD009D7055 /* CoreFoundation.framework */ = {isa = PBXFileReference; lastKnownFileType = wrapper.framework; name = CoreFoundation.framework; path = /System/Library/Frameworks/CoreFoundation.framework; sourceTree = "<absolute>"; };
		E45BE9770E8CC7DD009D7055 /* CoreServices.framework */ = {isa = PBXFileReference; lastKnownFileType = wrapper.framework; name = CoreServices.framework; path = /System/Library/Frameworks/CoreServices.framework; sourceTree = "<absolute>"; };
		E45BE9790E8CC7DD009D7055 /* OpenGL.framework */ = {isa = PBXFileReference; lastKnownFileType = wrapper.framework; name = OpenGL.framework; path = /System/Library/Frameworks/OpenGL.framework; sourceTree = "<absolute>"; };
		E45BE97A0E8CC7DD009D7055 /* QuickTime.framework */ = {isa = PBXFileReference; lastKnownFileType = wrapper.framework; name = QuickTime.framework; path = /System/Library/Frameworks/QuickTime.framework; sourceTree = "<absolute>"; };
		E4B69B5B0A3A1756003C02F2 /* emptyExampleDebug.app */ = {isa = PBXFileReference; explicitFileType = wrapper.application; includeInIndex = 0; path = emptyExampleDebug.app; sourceTree = BUILT_PRODUCTS_DIR; };
		E4B69E1D0A3A1BDC003C02F2 /* main.cpp */ = {isa = PBXFileReference; fileEncoding = 30; lastKnownFileType = sourcecode.cpp.cpp; name = main.cpp; path = src/main.cpp; sourceTree = SOURCE_ROOT; };
		E4B69E1E0A3A1BDC003C02F2 /* testApp.cpp */ = {isa = PBXFileReference; explicitFileType = sourcecode.cpp.cpp; fileEncoding = 30; name = testApp.cpp; path = src/testApp.cpp; sourceTree = SOURCE_ROOT; };
		E4B69E1F0A3A1BDC003C02F2 /* testApp.h */ = {isa = PBXFileReference; fileEncoding = 30; lastKnownFileType = sourcecode.c.h; name = testApp.h; path = src/testApp.h; sourceTree = SOURCE_ROOT; };
		E4B6FCAD0C3E899E008CF71C /* openFrameworks-Info.plist */ = {isa = PBXFileReference; fileEncoding = 30; lastKnownFileType = text.plist.xml; path = "openFrameworks-Info.plist"; sourceTree = "<group>"; };
		E4C2424410CC5A17004149E2 /* AppKit.framework */ = {isa = PBXFileReference; lastKnownFileType = wrapper.framework; name = AppKit.framework; path = /System/Library/Frameworks/AppKit.framework; sourceTree = "<absolute>"; };
		E4C2424510CC5A17004149E2 /* Cocoa.framework */ = {isa = PBXFileReference; lastKnownFileType = wrapper.framework; name = Cocoa.framework; path = /System/Library/Frameworks/Cocoa.framework; sourceTree = "<absolute>"; };
		E4C2424610CC5A17004149E2 /* IOKit.framework */ = {isa = PBXFileReference; lastKnownFileType = wrapper.framework; name = IOKit.framework; path = /System/Library/Frameworks/IOKit.framework; sourceTree = "<absolute>"; };
		E4EB691F138AFCF100A09F29 /* CoreOF.xcconfig */ = {isa = PBXFileReference; fileEncoding = 4; lastKnownFileType = text.xcconfig; name = CoreOF.xcconfig; path = ../../../libs/openFrameworksCompiled/project/osx/CoreOF.xcconfig; sourceTree = SOURCE_ROOT; };
		E4EB6923138AFD0F00A09F29 /* Project.xcconfig */ = {isa = PBXFileReference; fileEncoding = 4; lastKnownFileType = text.xcconfig; path = Project.xcconfig; sourceTree = "<group>"; };
/* End PBXFileReference section */

/* Begin PBXFrameworksBuildPhase section */
		E4B69B590A3A1756003C02F2 /* Frameworks */ = {
			isa = PBXFrameworksBuildPhase;
			buildActionMask = 2147483647;
			files = (
				E4EB6799138ADC1D00A09F29 /* GLUT.framework in Frameworks */,
				E4328149138ABC9F0047C5CB /* openFrameworksDebug.a in Frameworks */,
				E45BE97B0E8CC7DD009D7055 /* AGL.framework in Frameworks */,
				E45BE97C0E8CC7DD009D7055 /* ApplicationServices.framework in Frameworks */,
				E45BE97D0E8CC7DD009D7055 /* AudioToolbox.framework in Frameworks */,
				E45BE97E0E8CC7DD009D7055 /* Carbon.framework in Frameworks */,
				E45BE97F0E8CC7DD009D7055 /* CoreAudio.framework in Frameworks */,
				E45BE9800E8CC7DD009D7055 /* CoreFoundation.framework in Frameworks */,
				E45BE9810E8CC7DD009D7055 /* CoreServices.framework in Frameworks */,
				E45BE9830E8CC7DD009D7055 /* OpenGL.framework in Frameworks */,
				E45BE9840E8CC7DD009D7055 /* QuickTime.framework in Frameworks */,
				E4C2424710CC5A17004149E2 /* AppKit.framework in Frameworks */,
				E4C2424810CC5A17004149E2 /* Cocoa.framework in Frameworks */,
				E4C2424910CC5A17004149E2 /* IOKit.framework in Frameworks */,
				1DB45C8F14924B85005BBD66 /* libnimCodecs.dylib in Frameworks */,
				1DB45C9014924B86005BBD66 /* libnimMockNodes.dylib in Frameworks */,
				1DB45C9114924B86005BBD66 /* libnimRecorder.dylib in Frameworks */,
				1DB45C9214924B86005BBD66 /* libOpenNI.dylib in Frameworks */,
				1DB45C9314924B86005BBD66 /* libusb-1.0.0.dylib in Frameworks */,
				1DB45C9414924B86005BBD66 /* libXnCore.dylib in Frameworks */,
				1DB45C9514924B86005BBD66 /* libXnDDK.dylib in Frameworks */,
				1DB45C9614924B86005BBD66 /* libXnDeviceFile.dylib in Frameworks */,
				1DB45C9714924B86005BBD66 /* libXnDeviceSensorV2KM.dylib in Frameworks */,
				1DB45C9814924B86005BBD66 /* libXnFormats.dylib in Frameworks */,
				1DB45C9914924B86005BBD66 /* libXnVCNITE_1_3_1.dylib in Frameworks */,
				1DB45C9A14924B86005BBD66 /* libXnVFeatures_1_3_1.dylib in Frameworks */,
				1DB45C9B14924B86005BBD66 /* libXnVHandGenerator_1_3_1.dylib in Frameworks */,
				1DB45C9C14924B86005BBD66 /* libXnVNite_1_3_1.dylib in Frameworks */,
			);
			runOnlyForDeploymentPostprocessing = 0;
		};
/* End PBXFrameworksBuildPhase section */

/* Begin PBXGroup section */
		1D4986FE149266B6009921C0 /* ofxExtras */ = {
			isa = PBXGroup;
			children = (
				1D4986FF149266B6009921C0 /* ofxExtras.cpp */,
				1D498700149266B6009921C0 /* ofxExtras.h */,
				1D498701149266B6009921C0 /* README */,
			);
			name = ofxExtras;
			path = ../../../../../../OpenFrameworks007/addons/ofxExtras;
			sourceTree = "<group>";
		};
		1DB45BD51492495C005BBD66 /* ofxOpenNI */ = {
			isa = PBXGroup;
			children = (
				1DB45C7E14924B85005BBD66 /* lib */,
				1DB45BD614924A9A005BBD66 /* include */,
				1DB45C5A14924A9B005BBD66 /* src */,
			);
			name = ofxOpenNI;
			sourceTree = "<group>";
		};
		1DB45BD614924A9A005BBD66 /* include */ = {
			isa = PBXGroup;
			children = (
				1DB45BD714924A9A005BBD66 /* libusb */,
				1DB45BD914924A9A005BBD66 /* nite */,
				1DB45C1814924A9A005BBD66 /* openni */,
			);
			name = include;
			path = ../../../addons/ofxOpenNI/include;
			sourceTree = "<group>";
		};
		1DB45BD714924A9A005BBD66 /* libusb */ = {
			isa = PBXGroup;
			children = (
				1DB45BD814924A9A005BBD66 /* libusb.h */,
			);
			path = libusb;
			sourceTree = "<group>";
		};
		1DB45BD914924A9A005BBD66 /* nite */ = {
			isa = PBXGroup;
			children = (
				1DB45BDA14924A9A005BBD66 /* XnCommon.h */,
				1DB45BDB14924A9A005BBD66 /* XnV3DVector.h */,
				1DB45BDC14924A9A005BBD66 /* XnVActivationMessage.h */,
				1DB45BDD14924A9A005BBD66 /* XnVBroadcaster.h */,
				1DB45BDE14924A9A005BBD66 /* XnVCCMessage.h */,
				1DB45BDF14924A9A005BBD66 /* XnVCircle.h */,
				1DB45BE014924A9A005BBD66 /* XnVCircleDetector.h */,
				1DB45BE114924A9A005BBD66 /* XnVClickableVirtualPlane.h */,
				1DB45BE214924A9A005BBD66 /* XnVComplexMessage.h */,
				1DB45BE314924A9A005BBD66 /* XnVDepthControl.h */,
				1DB45BE414924A9A005BBD66 /* XnVDepthGenerator.h */,
				1DB45BE514924A9A005BBD66 /* XnVDepthMessage.h */,
				1DB45BE614924A9A005BBD66 /* XnVDeviceControl.h */,
				1DB45BE714924A9A005BBD66 /* XnVDeviceFilter.h */,
				1DB45BE814924A9A005BBD66 /* XnVDeviceGenerator.h */,
				1DB45BE914924A9A005BBD66 /* XnVDeviceMessage.h */,
				1DB45BEA14924A9A005BBD66 /* XnVDirection.h */,
				1DB45BEB14924A9A005BBD66 /* XnVFilter.h */,
				1DB45BEC14924A9A005BBD66 /* XnVFlowRouter.h */,
				1DB45BED14924A9A005BBD66 /* XnVGesture.h */,
				1DB45BEE14924A9A005BBD66 /* XnVHandle.h */,
				1DB45BEF14924A9A005BBD66 /* XnVHandPointContext.h */,
				1DB45BF014924A9A005BBD66 /* XnVImageGenerator.h */,
				1DB45BF114924A9A005BBD66 /* XnVImageMessage.h */,
				1DB45BF214924A9A005BBD66 /* XnVMathCommon.h */,
				1DB45BF314924A9A005BBD66 /* XnVMessage.h */,
				1DB45BF414924A9A005BBD66 /* XnVMessageGenerator.h */,
				1DB45BF514924A9A005BBD66 /* XnVMessageListener.h */,
				1DB45BF614924A9A005BBD66 /* XnVMessageMux.h */,
				1DB45BF714924A9A005BBD66 /* XnVMultiItemHysteresis1D.h */,
				1DB45BF814924A9A005BBD66 /* XnVMultiItemHysteresis2D.h */,
				1DB45BF914924A9A005BBD66 /* XnVMultipleHands.h */,
				1DB45BFA14924A9A005BBD66 /* XnVMultiProcessFlowClient.h */,
				1DB45BFB14924A9A005BBD66 /* XnVMultiProcessFlowServer.h */,
				1DB45BFC14924A9A005BBD66 /* XnVNite.h */,
				1DB45BFD14924A9A005BBD66 /* XnVNiteControls.h */,
				1DB45BFE14924A9A005BBD66 /* XnVNiteDefs.h */,
				1DB45BFF14924A9A005BBD66 /* XnVNiteEvents.h */,
				1DB45C0014924A9A005BBD66 /* XnVNiteFramework.h */,
				1DB45C0114924A9A005BBD66 /* XnVNiteLog.h */,
				1DB45C0214924A9A005BBD66 /* XnVNiteStatus.h */,
				1DB45C0314924A9A005BBD66 /* XnVNiteVersion.h */,
				1DB45C0414924A9A005BBD66 /* XnVPointArea.h */,
				1DB45C0514924A9A005BBD66 /* XnVPointControl.h */,
				1DB45C0614924A9A005BBD66 /* XnVPointDenoiser.h */,
				1DB45C0714924A9A005BBD66 /* XnVPointFilter.h */,
				1DB45C0814924A9A005BBD66 /* XnVPointMessage.h */,
				1DB45C0914924A9A005BBD66 /* XnVPointTracker.h */,
				1DB45C0A14924A9A005BBD66 /* XnVPushDetector.h */,
				1DB45C0B14924A9A005BBD66 /* XnVSelectableSlider1D.h */,
				1DB45C0C14924A9A005BBD66 /* XnVSelectableSlider2D.h */,
				1DB45C0D14924A9A005BBD66 /* XnVSessionGenerator.h */,
				1DB45C0E14924A9A005BBD66 /* XnVSessionListener.h */,
				1DB45C0F14924A9A005BBD66 /* XnVSessionManager.h */,
				1DB45C1014924A9A005BBD66 /* XnVSessionMessage.h */,
				1DB45C1114924A9A005BBD66 /* XnVSlider1D.h */,
				1DB45C1214924A9A005BBD66 /* XnVSlider2D.h */,
				1DB45C1314924A9A005BBD66 /* XnVSlider3D.h */,
				1DB45C1414924A9A005BBD66 /* XnVSteadyDetector.h */,
				1DB45C1514924A9A005BBD66 /* XnVSwipeDetector.h */,
				1DB45C1614924A9A005BBD66 /* XnVVirtualCoordinates.h */,
				1DB45C1714924A9A005BBD66 /* XnVWaveDetector.h */,
			);
			path = nite;
			sourceTree = "<group>";
		};
		1DB45C1814924A9A005BBD66 /* openni */ = {
			isa = PBXGroup;
			children = (
				1DB45C1914924A9A005BBD66 /* ARC */,
				1DB45C1C14924A9A005BBD66 /* Development.txt */,
				1DB45C1D14924A9A005BBD66 /* Documentation.txt */,
				1DB45C1E14924A9A005BBD66 /* IXnNodeAllocator.h */,
				1DB45C1F14924A9A005BBD66 /* Linux-Arm */,
				1DB45C2114924A9A005BBD66 /* Linux-x86 */,
				1DB45C2414924A9A005BBD66 /* MacOSX */,
				1DB45C2614924A9A005BBD66 /* Win32 */,
				1DB45C2914924A9A005BBD66 /* XnAlgorithms.h */,
				1DB45C2A14924A9A005BBD66 /* XnArray.h */,
				1DB45C2B14924A9A005BBD66 /* XnBaseNode.h */,
				1DB45C2C14924A9A005BBD66 /* XnBitSet.h */,
				1DB45C2D14924A9A005BBD66 /* XnCallback.h */,
				1DB45C2E14924A9B005BBD66 /* XnCodecIDs.h */,
				1DB45C2F14924A9B005BBD66 /* XnContext.h */,
				1DB45C3014924A9B005BBD66 /* XnCppWrapper.h */,
				1DB45C3114924A9B005BBD66 /* XnDataTypes.h */,
				1DB45C3214924A9B005BBD66 /* XnEnumerationErrors.h */,
				1DB45C3314924A9B005BBD66 /* XnEvent.h */,
				1DB45C3414924A9B005BBD66 /* XnFPSCalculator.h */,
				1DB45C3514924A9B005BBD66 /* XnGeneralBuffer.h */,
				1DB45C3614924A9B005BBD66 /* XnHash.h */,
				1DB45C3714924A9B005BBD66 /* XnInternalDefs.h */,
				1DB45C3814924A9B005BBD66 /* XnLicensing.h */,
				1DB45C3914924A9B005BBD66 /* XnList.h */,
				1DB45C3A14924A9B005BBD66 /* XnLog.h */,
				1DB45C3B14924A9B005BBD66 /* XnMacros.h */,
				1DB45C3C14924A9B005BBD66 /* XnModuleCFunctions.h */,
				1DB45C3D14924A9B005BBD66 /* XnModuleCppInterface.h */,
				1DB45C3E14924A9B005BBD66 /* XnModuleCppRegistratration.h */,
				1DB45C3F14924A9B005BBD66 /* XnModuleInterface.h */,
				1DB45C4014924A9B005BBD66 /* XnNode.h */,
				1DB45C4114924A9B005BBD66 /* XnNodeAllocator.h */,
				1DB45C4214924A9B005BBD66 /* XnOpenNI.h */,
				1DB45C4314924A9B005BBD66 /* XnOS.h */,
				1DB45C4414924A9B005BBD66 /* XnOSCpp.h */,
				1DB45C4514924A9B005BBD66 /* XnOSMemory.h */,
				1DB45C4614924A9B005BBD66 /* XnOSStrings.h */,
				1DB45C4714924A9B005BBD66 /* XnPlatform.h */,
				1DB45C4814924A9B005BBD66 /* XnPrdNode.h */,
				1DB45C4914924A9B005BBD66 /* XnPrdNodeInfo.h */,
				1DB45C4A14924A9B005BBD66 /* XnPrdNodeInfoList.h */,
				1DB45C4B14924A9B005BBD66 /* XnProfiling.h */,
				1DB45C4C14924A9B005BBD66 /* XnPropNames.h */,
				1DB45C4D14924A9B005BBD66 /* XnQueries.h */,
				1DB45C4E14924A9B005BBD66 /* XnQueue.h */,
				1DB45C4F14924A9B005BBD66 /* XnScheduler.h */,
				1DB45C5014924A9B005BBD66 /* XnStack.h */,
				1DB45C5114924A9B005BBD66 /* XnStatus.h */,
				1DB45C5214924A9B005BBD66 /* XnStatusCodes.h */,
				1DB45C5314924A9B005BBD66 /* XnStatusRegister.h */,
				1DB45C5414924A9B005BBD66 /* XnStringsHash.h */,
				1DB45C5514924A9B005BBD66 /* XnThreadSafeQueue.h */,
				1DB45C5614924A9B005BBD66 /* XnTypes.h */,
				1DB45C5714924A9B005BBD66 /* XnUSB.h */,
				1DB45C5814924A9B005BBD66 /* XnUtils.h */,
				1DB45C5914924A9B005BBD66 /* XnVersion.h */,
			);
			path = openni;
			sourceTree = "<group>";
		};
		1DB45C1914924A9A005BBD66 /* ARC */ = {
			isa = PBXGroup;
			children = (
				1DB45C1A14924A9A005BBD66 /* XnOSARC.h */,
				1DB45C1B14924A9A005BBD66 /* XnPlatformARC.h */,
			);
			path = ARC;
			sourceTree = "<group>";
		};
		1DB45C1F14924A9A005BBD66 /* Linux-Arm */ = {
			isa = PBXGroup;
			children = (
				1DB45C2014924A9A005BBD66 /* XnPlatformLinux-Arm.h */,
			);
			path = "Linux-Arm";
			sourceTree = "<group>";
		};
		1DB45C2114924A9A005BBD66 /* Linux-x86 */ = {
			isa = PBXGroup;
			children = (
				1DB45C2214924A9A005BBD66 /* XnOSLinux-x86.h */,
				1DB45C2314924A9A005BBD66 /* XnPlatformLinux-x86.h */,
			);
			path = "Linux-x86";
			sourceTree = "<group>";
		};
		1DB45C2414924A9A005BBD66 /* MacOSX */ = {
			isa = PBXGroup;
			children = (
				1DB45C2514924A9A005BBD66 /* XnPlatformMacOSX.h */,
			);
			path = MacOSX;
			sourceTree = "<group>";
		};
		1DB45C2614924A9A005BBD66 /* Win32 */ = {
			isa = PBXGroup;
			children = (
				1DB45C2714924A9A005BBD66 /* XnOSWin32.h */,
				1DB45C2814924A9A005BBD66 /* XnPlatformWin32.h */,
			);
			path = Win32;
			sourceTree = "<group>";
		};
		1DB45C5A14924A9B005BBD66 /* src */ = {
			isa = PBXGroup;
			children = (
				1DB45C5B14924A9B005BBD66 /* ofxDepthGenerator.cpp */,
				1DB45C5C14924A9B005BBD66 /* ofxDepthGenerator.h */,
				1DB45C5D14924A9B005BBD66 /* ofxGestureGenerator.cpp */,
				1DB45C5E14924A9B005BBD66 /* ofxGestureGenerator.h */,
				1DB45C5F14924A9B005BBD66 /* ofxHandGenerator.cpp */,
				1DB45C6014924A9B005BBD66 /* ofxHandGenerator.h */,
				1DB45C6114924A9B005BBD66 /* ofxHardwareDriver.cpp */,
				1DB45C6214924A9B005BBD66 /* ofxHardwareDriver.h */,
				1DB45C6314924A9B005BBD66 /* ofxImageGenerator.cpp */,
				1DB45C6414924A9B005BBD66 /* ofxImageGenerator.h */,
				1DB45C6514924A9B005BBD66 /* ofxIRGenerator.cpp */,
				1DB45C6614924A9B005BBD66 /* ofxIRGenerator.h */,
				1DB45C6714924A9B005BBD66 /* ofxOpenNI.h */,
				1DB45C6814924A9B005BBD66 /* ofxOpenNIContext.cpp */,
				1DB45C6914924A9B005BBD66 /* ofxOpenNIContext.h */,
				1DB45C6A14924A9B005BBD66 /* ofxOpenNIMacros.h */,
				1DB45C6B14924A9B005BBD66 /* ofxOpenNIRecorder.cpp */,
				1DB45C6C14924A9B005BBD66 /* ofxOpenNIRecorder.h */,
				1DB45C6D14924A9B005BBD66 /* ofxTrackedHand.cpp */,
				1DB45C6E14924A9B005BBD66 /* ofxTrackedHand.h */,
				1DB45C6F14924A9B005BBD66 /* ofxTrackedUser.cpp */,
				1DB45C7014924A9B005BBD66 /* ofxTrackedUser.h */,
				1DB45C7114924A9B005BBD66 /* ofxUserGenerator.cpp */,
				1DB45C7214924A9B005BBD66 /* ofxUserGenerator.h */,
			);
			name = src;
			path = ../../../addons/ofxOpenNI/src;
			sourceTree = "<group>";
		};
		1DB45C7E14924B85005BBD66 /* lib */ = {
			isa = PBXGroup;
			children = (
				1DB45C7F14924B85005BBD66 /* change_exec_paths.sh */,
				1DB45C8014924B85005BBD66 /* libnimCodecs.dylib */,
				1DB45C8114924B85005BBD66 /* libnimMockNodes.dylib */,
				1DB45C8214924B85005BBD66 /* libnimRecorder.dylib */,
				1DB45C8314924B85005BBD66 /* libOpenNI.dylib */,
				1DB45C8414924B85005BBD66 /* libusb-1.0.0.dylib */,
				1DB45C8514924B85005BBD66 /* libXnCore.dylib */,
				1DB45C8614924B85005BBD66 /* libXnDDK.dylib */,
				1DB45C8714924B85005BBD66 /* libXnDeviceFile.dylib */,
				1DB45C8814924B85005BBD66 /* libXnDeviceSensorV2KM.dylib */,
				1DB45C8914924B85005BBD66 /* libXnFormats.dylib */,
				1DB45C8A14924B85005BBD66 /* libXnVCNITE_1_3_1.dylib */,
				1DB45C8B14924B85005BBD66 /* libXnVFeatures_1_3_1.dylib */,
				1DB45C8C14924B85005BBD66 /* libXnVHandGenerator_1_3_1.dylib */,
				1DB45C8D14924B85005BBD66 /* libXnVNite_1_3_1.dylib */,
				1DB45C8E14924B85005BBD66 /* XnVNite.net_1_3_1.dll */,
			);
			name = lib;
			path = bin/data/openni/lib;
			sourceTree = "<group>";
		};
		BB4B014C10F69532006C3DED /* addons */ = {
			isa = PBXGroup;
			children = (
				1D4986FE149266B6009921C0 /* ofxExtras */,
				1DB45BD51492495C005BBD66 /* ofxOpenNI */,
			);
			name = addons;
			sourceTree = "<group>";
		};
		BBAB23C913894ECA00AA2426 /* system frameworks */ = {
			isa = PBXGroup;
			children = (
				E4C2424410CC5A17004149E2 /* AppKit.framework */,
				E4C2424510CC5A17004149E2 /* Cocoa.framework */,
				E4C2424610CC5A17004149E2 /* IOKit.framework */,
				E45BE9710E8CC7DD009D7055 /* AGL.framework */,
				E45BE9720E8CC7DD009D7055 /* ApplicationServices.framework */,
				E45BE9730E8CC7DD009D7055 /* AudioToolbox.framework */,
				E45BE9740E8CC7DD009D7055 /* Carbon.framework */,
				E45BE9750E8CC7DD009D7055 /* CoreAudio.framework */,
				E45BE9760E8CC7DD009D7055 /* CoreFoundation.framework */,
				E45BE9770E8CC7DD009D7055 /* CoreServices.framework */,
				E45BE9790E8CC7DD009D7055 /* OpenGL.framework */,
				E45BE97A0E8CC7DD009D7055 /* QuickTime.framework */,
			);
			name = "system frameworks";
			sourceTree = "<group>";
		};
		BBAB23CA13894EDB00AA2426 /* 3rd party frameworks */ = {
			isa = PBXGroup;
			children = (
				BBAB23BE13894E4700AA2426 /* GLUT.framework */,
			);
			name = "3rd party frameworks";
			sourceTree = "<group>";
		};
		E4328144138ABC890047C5CB /* Products */ = {
			isa = PBXGroup;
			children = (
				E4328148138ABC890047C5CB /* openFrameworksDebug.a */,
			);
			name = Products;
			sourceTree = "<group>";
		};
		E45BE5980E8CC70C009D7055 /* frameworks */ = {
			isa = PBXGroup;
			children = (
				BBAB23CA13894EDB00AA2426 /* 3rd party frameworks */,
				BBAB23C913894ECA00AA2426 /* system frameworks */,
			);
			name = frameworks;
			sourceTree = "<group>";
		};
		E4B69B4A0A3A1720003C02F2 = {
			isa = PBXGroup;
			children = (
				E4B6FCAD0C3E899E008CF71C /* openFrameworks-Info.plist */,
				E4EB6923138AFD0F00A09F29 /* Project.xcconfig */,
				E4B69E1C0A3A1BDC003C02F2 /* src */,
				E4EEC9E9138DF44700A80321 /* openFrameworks */,
				BB4B014C10F69532006C3DED /* addons */,
				E45BE5980E8CC70C009D7055 /* frameworks */,
				E4B69B5B0A3A1756003C02F2 /* emptyExampleDebug.app */,
			);
			sourceTree = "<group>";
		};
		E4B69E1C0A3A1BDC003C02F2 /* src */ = {
			isa = PBXGroup;
			children = (
				E4B69E1D0A3A1BDC003C02F2 /* main.cpp */,
				E4B69E1E0A3A1BDC003C02F2 /* testApp.cpp */,
				E4B69E1F0A3A1BDC003C02F2 /* testApp.h */,
			);
			path = src;
			sourceTree = SOURCE_ROOT;
		};
		E4EEC9E9138DF44700A80321 /* openFrameworks */ = {
			isa = PBXGroup;
			children = (
				E4EB691F138AFCF100A09F29 /* CoreOF.xcconfig */,
				E4328143138ABC890047C5CB /* openFrameworksLib.xcodeproj */,
			);
			name = openFrameworks;
			sourceTree = "<group>";
		};
/* End PBXGroup section */

/* Begin PBXNativeTarget section */
		E4B69B5A0A3A1756003C02F2 /* emptyExample */ = {
			isa = PBXNativeTarget;
			buildConfigurationList = E4B69B5F0A3A1757003C02F2 /* Build configuration list for PBXNativeTarget "emptyExample" */;
			buildPhases = (
				E4B69B580A3A1756003C02F2 /* Sources */,
				E4B69B590A3A1756003C02F2 /* Frameworks */,
				E4B6FFFD0C3F9AB9008CF71C /* ShellScript */,
				E4C2427710CC5ABF004149E2 /* CopyFiles */,
			);
			buildRules = (
			);
			dependencies = (
				E4EEB9AC138B136A00A80321 /* PBXTargetDependency */,
			);
			name = emptyExample;
			productName = myOFApp;
			productReference = E4B69B5B0A3A1756003C02F2 /* emptyExampleDebug.app */;
			productType = "com.apple.product-type.application";
		};
/* End PBXNativeTarget section */

/* Begin PBXProject section */
		E4B69B4C0A3A1720003C02F2 /* Project object */ = {
			isa = PBXProject;
			buildConfigurationList = E4B69B4D0A3A1720003C02F2 /* Build configuration list for PBXProject "emptyExample" */;
			compatibilityVersion = "Xcode 2.4";
			developmentRegion = English;
			hasScannedForEncodings = 0;
			knownRegions = (
				English,
				Japanese,
				French,
				German,
			);
			mainGroup = E4B69B4A0A3A1720003C02F2;
			productRefGroup = E4B69B4A0A3A1720003C02F2;
			projectDirPath = "";
			projectReferences = (
				{
					ProductGroup = E4328144138ABC890047C5CB /* Products */;
					ProjectRef = E4328143138ABC890047C5CB /* openFrameworksLib.xcodeproj */;
				},
			);
			projectRoot = "";
			targets = (
				E4B69B5A0A3A1756003C02F2 /* emptyExample */,
			);
		};
/* End PBXProject section */

/* Begin PBXReferenceProxy section */
		E4328148138ABC890047C5CB /* openFrameworksDebug.a */ = {
			isa = PBXReferenceProxy;
			fileType = archive.ar;
			path = openFrameworksDebug.a;
			remoteRef = E4328147138ABC890047C5CB /* PBXContainerItemProxy */;
			sourceTree = BUILT_PRODUCTS_DIR;
		};
/* End PBXReferenceProxy section */

/* Begin PBXShellScriptBuildPhase section */
		E4B6FFFD0C3F9AB9008CF71C /* ShellScript */ = {
			isa = PBXShellScriptBuildPhase;
			buildActionMask = 2147483647;
			files = (
			);
			inputPaths = (
			);
			outputPaths = (
			);
			runOnlyForDeploymentPostprocessing = 0;
			shellPath = /bin/sh;
			shellScript = "cp -f ../../../libs/fmodex/lib/osx/libfmodex.dylib \"$TARGET_BUILD_DIR/$PRODUCT_NAME.app/Contents/MacOS/libfmodex.dylib\"; install_name_tool -change ./libfmodex.dylib @executable_path/libfmodex.dylib \"$TARGET_BUILD_DIR/$PRODUCT_NAME.app/Contents/MacOS/$PRODUCT_NAME\";";
		};
/* End PBXShellScriptBuildPhase section */

/* Begin PBXSourcesBuildPhase section */
		E4B69B580A3A1756003C02F2 /* Sources */ = {
			isa = PBXSourcesBuildPhase;
			buildActionMask = 2147483647;
			files = (
				E4B69E200A3A1BDC003C02F2 /* main.cpp in Sources */,
				E4B69E210A3A1BDC003C02F2 /* testApp.cpp in Sources */,
				1DB45C7314924A9B005BBD66 /* ofxDepthGenerator.cpp in Sources */,
				1DB45C7414924A9B005BBD66 /* ofxGestureGenerator.cpp in Sources */,
				1DB45C7514924A9B005BBD66 /* ofxHandGenerator.cpp in Sources */,
				1DB45C7614924A9B005BBD66 /* ofxHardwareDriver.cpp in Sources */,
				1DB45C7714924A9B005BBD66 /* ofxImageGenerator.cpp in Sources */,
				1DB45C7814924A9B005BBD66 /* ofxIRGenerator.cpp in Sources */,
				1DB45C7914924A9B005BBD66 /* ofxOpenNIContext.cpp in Sources */,
				1DB45C7A14924A9B005BBD66 /* ofxOpenNIRecorder.cpp in Sources */,
				1DB45C7B14924A9B005BBD66 /* ofxTrackedHand.cpp in Sources */,
				1DB45C7C14924A9B005BBD66 /* ofxTrackedUser.cpp in Sources */,
				1DB45C7D14924A9B005BBD66 /* ofxUserGenerator.cpp in Sources */,
				1D498702149266B6009921C0 /* ofxExtras.cpp in Sources */,
			);
			runOnlyForDeploymentPostprocessing = 0;
		};
/* End PBXSourcesBuildPhase section */

/* Begin PBXTargetDependency section */
		E4EEB9AC138B136A00A80321 /* PBXTargetDependency */ = {
			isa = PBXTargetDependency;
			name = openFrameworks;
			targetProxy = E4EEB9AB138B136A00A80321 /* PBXContainerItemProxy */;
		};
/* End PBXTargetDependency section */

/* Begin XCBuildConfiguration section */
		E4B69B4E0A3A1720003C02F2 /* Debug */ = {
			isa = XCBuildConfiguration;
			baseConfigurationReference = E4EB6923138AFD0F00A09F29 /* Project.xcconfig */;
			buildSettings = {
				ARCHS = "$(NATIVE_ARCH)";
				CONFIGURATION_BUILD_DIR = "$(SRCROOT)/bin/";
				COPY_PHASE_STRIP = NO;
				DEAD_CODE_STRIPPING = YES;
				GCC_AUTO_VECTORIZATION = YES;
				GCC_ENABLE_SSE3_EXTENSIONS = YES;
				GCC_ENABLE_SUPPLEMENTAL_SSE3_INSTRUCTIONS = YES;
				GCC_INLINES_ARE_PRIVATE_EXTERN = NO;
				GCC_MODEL_TUNING = G5;
				GCC_SYMBOLS_PRIVATE_EXTERN = NO;
				GCC_WARN_ABOUT_DEPRECATED_FUNCTIONS = NO;
				GCC_WARN_ABOUT_INVALID_OFFSETOF_MACRO = NO;
				GCC_WARN_ALLOW_INCOMPLETE_PROTOCOL = NO;
				GCC_WARN_UNINITIALIZED_AUTOS = NO;
				GCC_WARN_UNUSED_VALUE = NO;
				GCC_WARN_UNUSED_VARIABLE = NO;
				OTHER_CPLUSPLUSFLAGS = (
					"-D__MACOSX_CORE__",
					"-lpthread",
				);
			};
			name = Debug;
		};
		E4B69B4F0A3A1720003C02F2 /* Release */ = {
			isa = XCBuildConfiguration;
			baseConfigurationReference = E4EB6923138AFD0F00A09F29 /* Project.xcconfig */;
			buildSettings = {
				ARCHS = "$(NATIVE_ARCH)";
				CONFIGURATION_BUILD_DIR = "$(SRCROOT)/bin/";
				COPY_PHASE_STRIP = YES;
				DEAD_CODE_STRIPPING = YES;
				GCC_AUTO_VECTORIZATION = YES;
				GCC_ENABLE_SSE3_EXTENSIONS = YES;
				GCC_ENABLE_SUPPLEMENTAL_SSE3_INSTRUCTIONS = YES;
				GCC_INLINES_ARE_PRIVATE_EXTERN = NO;
				GCC_MODEL_TUNING = G5;
				GCC_OPTIMIZATION_LEVEL = 3;
				GCC_SYMBOLS_PRIVATE_EXTERN = NO;
				GCC_UNROLL_LOOPS = YES;
				GCC_WARN_ABOUT_DEPRECATED_FUNCTIONS = NO;
				GCC_WARN_ABOUT_INVALID_OFFSETOF_MACRO = NO;
				GCC_WARN_ALLOW_INCOMPLETE_PROTOCOL = NO;
				GCC_WARN_UNINITIALIZED_AUTOS = NO;
				GCC_WARN_UNUSED_VALUE = NO;
				GCC_WARN_UNUSED_VARIABLE = NO;
				OTHER_CPLUSPLUSFLAGS = (
					"-D__MACOSX_CORE__",
					"-lpthread",
				);
			};
			name = Release;
		};
		E4B69B600A3A1757003C02F2 /* Debug */ = {
			isa = XCBuildConfiguration;
			buildSettings = {
				COPY_PHASE_STRIP = NO;
				FRAMEWORK_SEARCH_PATHS = (
					"$(inherited)",
					"$(FRAMEWORK_SEARCH_PATHS_QUOTED_FOR_TARGET_1)",
				);
				FRAMEWORK_SEARCH_PATHS_QUOTED_FOR_TARGET_1 = "\"$(SRCROOT)/../../../libs/glut/lib/osx\"";
				GCC_DYNAMIC_NO_PIC = NO;
				GCC_ENABLE_FIX_AND_CONTINUE = YES;
				GCC_GENERATE_DEBUGGING_SYMBOLS = YES;
				GCC_MODEL_TUNING = G4;
				GCC_PRECOMPILE_PREFIX_HEADER = YES;
				GCC_PREFIX_HEADER = "$(SYSTEM_LIBRARY_DIR)/Frameworks/Carbon.framework/Headers/Carbon.h";
				INFOPLIST_FILE = "openFrameworks-Info.plist";
				INSTALL_PATH = "$(HOME)/Applications";
				LIBRARY_SEARCH_PATHS = (
					"$(inherited)",
					"$(LIBRARY_SEARCH_PATHS_QUOTED_FOR_TARGET_1)",
					"$(LIBRARY_SEARCH_PATHS_QUOTED_FOR_TARGET_2)",
					"$(LIBRARY_SEARCH_PATHS_QUOTED_FOR_TARGET_3)",
					"$(LIBRARY_SEARCH_PATHS_QUOTED_FOR_TARGET_4)",
					"$(LIBRARY_SEARCH_PATHS_QUOTED_FOR_TARGET_5)",
					"$(LIBRARY_SEARCH_PATHS_QUOTED_FOR_TARGET_6)",
					"$(LIBRARY_SEARCH_PATHS_QUOTED_FOR_TARGET_7)",
					"$(LIBRARY_SEARCH_PATHS_QUOTED_FOR_TARGET_8)",
					"$(LIBRARY_SEARCH_PATHS_QUOTED_FOR_TARGET_9)",
					"$(LIBRARY_SEARCH_PATHS_QUOTED_FOR_TARGET_10)",
					"$(LIBRARY_SEARCH_PATHS_QUOTED_FOR_TARGET_11)",
					"$(LIBRARY_SEARCH_PATHS_QUOTED_FOR_TARGET_12)",
					"$(LIBRARY_SEARCH_PATHS_QUOTED_FOR_TARGET_13)",
					"$(LIBRARY_SEARCH_PATHS_QUOTED_FOR_TARGET_14)",
					"$(LIBRARY_SEARCH_PATHS_QUOTED_FOR_TARGET_15)",
					"$(LIBRARY_SEARCH_PATHS_QUOTED_FOR_TARGET_2)",
					"$(LIBRARY_SEARCH_PATHS_QUOTED_FOR_TARGET_3)",
					"$(LIBRARY_SEARCH_PATHS_QUOTED_FOR_TARGET_7)",
					"$(LIBRARY_SEARCH_PATHS_QUOTED_FOR_TARGET_8)",
					"$(LIBRARY_SEARCH_PATHS_QUOTED_FOR_TARGET_9)",
					"$(LIBRARY_SEARCH_PATHS_QUOTED_FOR_TARGET_10)",
					"$(LIBRARY_SEARCH_PATHS_QUOTED_FOR_TARGET_11)",
					"$(LIBRARY_SEARCH_PATHS_QUOTED_FOR_TARGET_12)",
					"$(LIBRARY_SEARCH_PATHS_QUOTED_FOR_TARGET_13)",
					"$(LIBRARY_SEARCH_PATHS_QUOTED_FOR_TARGET_16)",
					"$(LIBRARY_SEARCH_PATHS_QUOTED_FOR_TARGET_17)",
					"$(LIBRARY_SEARCH_PATHS_QUOTED_FOR_TARGET_18)",
					"$(LIBRARY_SEARCH_PATHS_QUOTED_FOR_TARGET_19)",
					"$(LIBRARY_SEARCH_PATHS_QUOTED_FOR_TARGET_20)",
					"$(LIBRARY_SEARCH_PATHS_QUOTED_FOR_TARGET_21)",
					"$(LIBRARY_SEARCH_PATHS_QUOTED_FOR_TARGET_22)",
					"$(LIBRARY_SEARCH_PATHS_QUOTED_FOR_TARGET_23)",
					"$(LIBRARY_SEARCH_PATHS_QUOTED_FOR_TARGET_24)",
					"$(LIBRARY_SEARCH_PATHS_QUOTED_FOR_TARGET_25)",
					"$(LIBRARY_SEARCH_PATHS_QUOTED_FOR_TARGET_26)",
					"$(LIBRARY_SEARCH_PATHS_QUOTED_FOR_TARGET_27)",
					"$(LIBRARY_SEARCH_PATHS_QUOTED_FOR_TARGET_28)",
					"$(LIBRARY_SEARCH_PATHS_QUOTED_FOR_TARGET_29)",
					"$(LIBRARY_SEARCH_PATHS_QUOTED_FOR_TARGET_30)",
					"$(LIBRARY_SEARCH_PATHS_QUOTED_FOR_TARGET_31)",
					"$(LIBRARY_SEARCH_PATHS_QUOTED_FOR_TARGET_32)",
					"$(LIBRARY_SEARCH_PATHS_QUOTED_FOR_TARGET_33)",
					"$(LIBRARY_SEARCH_PATHS_QUOTED_FOR_TARGET_34)",
					"$(LIBRARY_SEARCH_PATHS_QUOTED_FOR_TARGET_35)",
					"$(LIBRARY_SEARCH_PATHS_QUOTED_FOR_TARGET_36)",
					"$(LIBRARY_SEARCH_PATHS_QUOTED_FOR_TARGET_37)",
					"$(LIBRARY_SEARCH_PATHS_QUOTED_FOR_TARGET_38)",
					"$(LIBRARY_SEARCH_PATHS_QUOTED_FOR_TARGET_39)",
					"$(LIBRARY_SEARCH_PATHS_QUOTED_FOR_TARGET_40)",
					"$(LIBRARY_SEARCH_PATHS_QUOTED_FOR_TARGET_41)",
					"$(LIBRARY_SEARCH_PATHS_QUOTED_FOR_TARGET_42)",
					"$(LIBRARY_SEARCH_PATHS_QUOTED_FOR_TARGET_43)",
					"$(LIBRARY_SEARCH_PATHS_QUOTED_FOR_TARGET_44)",
					"$(LIBRARY_SEARCH_PATHS_QUOTED_FOR_TARGET_45)",
					"$(LIBRARY_SEARCH_PATHS_QUOTED_FOR_TARGET_46)",
					"$(LIBRARY_SEARCH_PATHS_QUOTED_FOR_TARGET_47)",
					"$(LIBRARY_SEARCH_PATHS_QUOTED_FOR_TARGET_48)",
					"$(LIBRARY_SEARCH_PATHS_QUOTED_FOR_TARGET_49)",
					"$(LIBRARY_SEARCH_PATHS_QUOTED_FOR_TARGET_50)",
					"$(LIBRARY_SEARCH_PATHS_QUOTED_FOR_TARGET_51)",
					"$(LIBRARY_SEARCH_PATHS_QUOTED_FOR_TARGET_52)",
					"$(LIBRARY_SEARCH_PATHS_QUOTED_FOR_TARGET_1)",
				);
				LIBRARY_SEARCH_PATHS_QUOTED_FOR_TARGET_1 = "\"$(SRCROOT)/bin/data/openni/lib\"";
				PREBINDING = NO;
				PRODUCT_NAME = "$(TARGET_NAME)Debug";
				WRAPPER_EXTENSION = app;
			};
			name = Debug;
		};
		E4B69B610A3A1757003C02F2 /* Release */ = {
			isa = XCBuildConfiguration;
			buildSettings = {
				COPY_PHASE_STRIP = YES;
				FRAMEWORK_SEARCH_PATHS = (
					"$(inherited)",
					"$(FRAMEWORK_SEARCH_PATHS_QUOTED_FOR_TARGET_1)",
				);
				FRAMEWORK_SEARCH_PATHS_QUOTED_FOR_TARGET_1 = "\"$(SRCROOT)/../../../libs/glut/lib/osx\"";
				GCC_ENABLE_FIX_AND_CONTINUE = NO;
				GCC_GENERATE_DEBUGGING_SYMBOLS = NO;
				GCC_MODEL_TUNING = G4;
				GCC_PRECOMPILE_PREFIX_HEADER = YES;
				GCC_PREFIX_HEADER = "$(SYSTEM_LIBRARY_DIR)/Frameworks/Carbon.framework/Headers/Carbon.h";
				INFOPLIST_FILE = "openFrameworks-Info.plist";
				INSTALL_PATH = "$(HOME)/Applications";
				LIBRARY_SEARCH_PATHS = (
					"$(inherited)",
					"$(LIBRARY_SEARCH_PATHS_QUOTED_FOR_TARGET_1)",
					"$(LIBRARY_SEARCH_PATHS_QUOTED_FOR_TARGET_2)",
					"$(LIBRARY_SEARCH_PATHS_QUOTED_FOR_TARGET_3)",
					"$(LIBRARY_SEARCH_PATHS_QUOTED_FOR_TARGET_4)",
					"$(LIBRARY_SEARCH_PATHS_QUOTED_FOR_TARGET_5)",
					"$(LIBRARY_SEARCH_PATHS_QUOTED_FOR_TARGET_6)",
					"$(LIBRARY_SEARCH_PATHS_QUOTED_FOR_TARGET_7)",
					"$(LIBRARY_SEARCH_PATHS_QUOTED_FOR_TARGET_8)",
					"$(LIBRARY_SEARCH_PATHS_QUOTED_FOR_TARGET_9)",
					"$(LIBRARY_SEARCH_PATHS_QUOTED_FOR_TARGET_10)",
					"$(LIBRARY_SEARCH_PATHS_QUOTED_FOR_TARGET_11)",
					"$(LIBRARY_SEARCH_PATHS_QUOTED_FOR_TARGET_12)",
					"$(LIBRARY_SEARCH_PATHS_QUOTED_FOR_TARGET_13)",
					"$(LIBRARY_SEARCH_PATHS_QUOTED_FOR_TARGET_14)",
					"$(LIBRARY_SEARCH_PATHS_QUOTED_FOR_TARGET_15)",
					"$(LIBRARY_SEARCH_PATHS_QUOTED_FOR_TARGET_2)",
					"$(LIBRARY_SEARCH_PATHS_QUOTED_1)",
					"$(LIBRARY_SEARCH_PATHS_QUOTED_FOR_TARGET_3)",
					"$(LIBRARY_SEARCH_PATHS_QUOTED_FOR_TARGET_7)",
					"$(LIBRARY_SEARCH_PATHS_QUOTED_FOR_TARGET_8)",
					"$(LIBRARY_SEARCH_PATHS_QUOTED_FOR_TARGET_9)",
					"$(LIBRARY_SEARCH_PATHS_QUOTED_FOR_TARGET_10)",
					"$(LIBRARY_SEARCH_PATHS_QUOTED_FOR_TARGET_11)",
					"$(LIBRARY_SEARCH_PATHS_QUOTED_FOR_TARGET_12)",
					"$(LIBRARY_SEARCH_PATHS_QUOTED_FOR_TARGET_13)",
					"$(LIBRARY_SEARCH_PATHS_QUOTED_FOR_TARGET_16)",
					"$(LIBRARY_SEARCH_PATHS_QUOTED_FOR_TARGET_17)",
					"$(LIBRARY_SEARCH_PATHS_QUOTED_FOR_TARGET_18)",
					"$(LIBRARY_SEARCH_PATHS_QUOTED_FOR_TARGET_19)",
					"$(LIBRARY_SEARCH_PATHS_QUOTED_FOR_TARGET_20)",
					"$(LIBRARY_SEARCH_PATHS_QUOTED_FOR_TARGET_21)",
					"$(LIBRARY_SEARCH_PATHS_QUOTED_FOR_TARGET_22)",
					"$(LIBRARY_SEARCH_PATHS_QUOTED_FOR_TARGET_23)",
					"$(LIBRARY_SEARCH_PATHS_QUOTED_FOR_TARGET_24)",
					"$(LIBRARY_SEARCH_PATHS_QUOTED_FOR_TARGET_25)",
					"$(LIBRARY_SEARCH_PATHS_QUOTED_FOR_TARGET_26)",
					"$(LIBRARY_SEARCH_PATHS_QUOTED_FOR_TARGET_27)",
					"$(LIBRARY_SEARCH_PATHS_QUOTED_FOR_TARGET_28)",
					"$(LIBRARY_SEARCH_PATHS_QUOTED_FOR_TARGET_29)",
					"$(LIBRARY_SEARCH_PATHS_QUOTED_FOR_TARGET_30)",
					"$(LIBRARY_SEARCH_PATHS_QUOTED_FOR_TARGET_31)",
					"$(LIBRARY_SEARCH_PATHS_QUOTED_FOR_TARGET_32)",
					"$(LIBRARY_SEARCH_PATHS_QUOTED_FOR_TARGET_33)",
					"$(LIBRARY_SEARCH_PATHS_QUOTED_FOR_TARGET_34)",
					"$(LIBRARY_SEARCH_PATHS_QUOTED_FOR_TARGET_35)",
					"$(LIBRARY_SEARCH_PATHS_QUOTED_FOR_TARGET_36)",
					"$(LIBRARY_SEARCH_PATHS_QUOTED_FOR_TARGET_37)",
					"$(LIBRARY_SEARCH_PATHS_QUOTED_FOR_TARGET_38)",
					"$(LIBRARY_SEARCH_PATHS_QUOTED_FOR_TARGET_39)",
					"$(LIBRARY_SEARCH_PATHS_QUOTED_FOR_TARGET_40)",
					"$(LIBRARY_SEARCH_PATHS_QUOTED_FOR_TARGET_41)",
					"$(LIBRARY_SEARCH_PATHS_QUOTED_FOR_TARGET_42)",
					"$(LIBRARY_SEARCH_PATHS_QUOTED_FOR_TARGET_43)",
					"$(LIBRARY_SEARCH_PATHS_QUOTED_FOR_TARGET_44)",
					"$(LIBRARY_SEARCH_PATHS_QUOTED_FOR_TARGET_45)",
					"$(LIBRARY_SEARCH_PATHS_QUOTED_FOR_TARGET_46)",
					"$(LIBRARY_SEARCH_PATHS_QUOTED_FOR_TARGET_47)",
					"$(LIBRARY_SEARCH_PATHS_QUOTED_FOR_TARGET_48)",
					"$(LIBRARY_SEARCH_PATHS_QUOTED_FOR_TARGET_49)",
					"$(LIBRARY_SEARCH_PATHS_QUOTED_FOR_TARGET_50)",
					"$(LIBRARY_SEARCH_PATHS_QUOTED_FOR_TARGET_51)",
					"$(LIBRARY_SEARCH_PATHS_QUOTED_FOR_TARGET_1)",
				);
				LIBRARY_SEARCH_PATHS_QUOTED_FOR_TARGET_1 = "\"$(SRCROOT)/bin/data/openni/lib\"";
				PREBINDING = NO;
				PRODUCT_NAME = "$(TARGET_NAME)";
				WRAPPER_EXTENSION = app;
			};
			name = Release;
		};
/* End XCBuildConfiguration section */

/* Begin XCConfigurationList section */
		E4B69B4D0A3A1720003C02F2 /* Build configuration list for PBXProject "emptyExample" */ = {
			isa = XCConfigurationList;
			buildConfigurations = (
				E4B69B4E0A3A1720003C02F2 /* Debug */,
				E4B69B4F0A3A1720003C02F2 /* Release */,
			);
			defaultConfigurationIsVisible = 0;
			defaultConfigurationName = Release;
		};
		E4B69B5F0A3A1757003C02F2 /* Build configuration list for PBXNativeTarget "emptyExample" */ = {
			isa = XCConfigurationList;
			buildConfigurations = (
				E4B69B600A3A1757003C02F2 /* Debug */,
				E4B69B610A3A1757003C02F2 /* Release */,
			);
			defaultConfigurationIsVisible = 0;
			defaultConfigurationName = Release;
		};
/* End XCConfigurationList section */
	};
	rootObject = E4B69B4C0A3A1720003C02F2 /* Project object */;
}
